// !$*UTF8*$!
{
	archiveVersion = 1;
	classes = {
	};
	objectVersion = 46;
	objects = {

/* Begin PBXAggregateTarget section */
		24416B8111C4CA220047AFDD /* Build & Test */ = {
			isa = PBXAggregateTarget;
			buildConfigurationList = 24416B8A11C4CA520047AFDD /* Build configuration list for PBXAggregateTarget "Build & Test" */;
			buildPhases = (
				24416B8011C4CA220047AFDD /* ShellScript */,
			);
			dependencies = (
				24416B8511C4CA280047AFDD /* PBXTargetDependency */,
			);
			name = "Build & Test";
			productName = "Build & test";
		};
/* End PBXAggregateTarget section */

/* Begin PBXBuildFile section */
		0505DF1D17BB7AE9001F9349 /* ComAlfrescoAppceleratorSdkSiteServiceProxy.m in Sources */ = {isa = PBXBuildFile; fileRef = 0505DF1B17BB7AE9001F9349 /* ComAlfrescoAppceleratorSdkSiteServiceProxy.m */; };
		0505DF1E17BB7AE9001F9349 /* ComAlfrescoAppceleratorSdkSiteServiceProxy.h in Headers */ = {isa = PBXBuildFile; fileRef = 0505DF1C17BB7AE9001F9349 /* ComAlfrescoAppceleratorSdkSiteServiceProxy.h */; };
		0505DF2117BB8B43001F9349 /* SDKUtil.h in Headers */ = {isa = PBXBuildFile; fileRef = 0505DF1F17BB8B43001F9349 /* SDKUtil.h */; };
		0505DF2217BB8B43001F9349 /* SDKUtil.m in Sources */ = {isa = PBXBuildFile; fileRef = 0505DF2017BB8B43001F9349 /* SDKUtil.m */; };
		054AA1BE17A13628000D7083 /* ComAlfrescoAppceleratorSdkContentFileProxy.h in Headers */ = {isa = PBXBuildFile; fileRef = 054AA1BC17A130EE000D7083 /* ComAlfrescoAppceleratorSdkContentFileProxy.h */; };
		054AA1BF17A13628000D7083 /* ComAlfrescoAppceleratorSdkContentFileProxy.m in Sources */ = {isa = PBXBuildFile; fileRef = 054AA1BD17A13164000D7083 /* ComAlfrescoAppceleratorSdkContentFileProxy.m */; };
		05AFDCBE175DEB3600E9ABED /* ComAlfrescoAppceleratorSdkDocumentFolderServiceProxy.h in Headers */ = {isa = PBXBuildFile; fileRef = 05AFDCB2175DEB3600E9ABED /* ComAlfrescoAppceleratorSdkDocumentFolderServiceProxy.h */; };
		05AFDCBF175DEB3600E9ABED /* ComAlfrescoAppceleratorSdkDocumentFolderServiceProxy.m in Sources */ = {isa = PBXBuildFile; fileRef = 05AFDCB3175DEB3600E9ABED /* ComAlfrescoAppceleratorSdkDocumentFolderServiceProxy.m */; };
		05AFDCC0175DEB3600E9ABED /* ComAlfrescoAppceleratorSdkRepositorySessionProxy.h in Headers */ = {isa = PBXBuildFile; fileRef = 05AFDCB4175DEB3600E9ABED /* ComAlfrescoAppceleratorSdkRepositorySessionProxy.h */; };
		05AFDCC1175DEB3600E9ABED /* ComAlfrescoAppceleratorSdkRepositorySessionProxy.m in Sources */ = {isa = PBXBuildFile; fileRef = 05AFDCB5175DEB3600E9ABED /* ComAlfrescoAppceleratorSdkRepositorySessionProxy.m */; };
		05AFDCC2175DEB3600E9ABED /* ComAlfrescoAppceleratorSdkRequestProxy.h in Headers */ = {isa = PBXBuildFile; fileRef = 05AFDCB6175DEB3600E9ABED /* ComAlfrescoAppceleratorSdkRequestProxy.h */; };
		05AFDCC3175DEB3600E9ABED /* ComAlfrescoAppceleratorSdkRequestProxy.m in Sources */ = {isa = PBXBuildFile; fileRef = 05AFDCB7175DEB3600E9ABED /* ComAlfrescoAppceleratorSdkRequestProxy.m */; };
		05AFDCC8175DEB3600E9ABED /* ComAlfrescoAppceleratorSdkSessionProxy.h in Headers */ = {isa = PBXBuildFile; fileRef = 05AFDCBC175DEB3600E9ABED /* ComAlfrescoAppceleratorSdkSessionProxy.h */; };
		05AFDCC9175DEB3600E9ABED /* ComAlfrescoAppceleratorSdkSessionProxy.m in Sources */ = {isa = PBXBuildFile; fileRef = 05AFDCBD175DEB3600E9ABED /* ComAlfrescoAppceleratorSdkSessionProxy.m */; };
		05C303D817C21405004C78C0 /* ComAlfrescoAppceleratorSdkActivityServiceProxy.h in Headers */ = {isa = PBXBuildFile; fileRef = 05C303D617C21405004C78C0 /* ComAlfrescoAppceleratorSdkActivityServiceProxy.h */; };
		05C303D917C21405004C78C0 /* ComAlfrescoAppceleratorSdkActivityServiceProxy.m in Sources */ = {isa = PBXBuildFile; fileRef = 05C303D717C21405004C78C0 /* ComAlfrescoAppceleratorSdkActivityServiceProxy.m */; };
		05C303E517CCA5D4004C78C0 /* ComAlfrescoAppceleratorSdkSearchServiceProxy.h in Headers */ = {isa = PBXBuildFile; fileRef = 05C303E317CCA5D4004C78C0 /* ComAlfrescoAppceleratorSdkSearchServiceProxy.h */; };
		05C303E617CCA5D4004C78C0 /* ComAlfrescoAppceleratorSdkSearchServiceProxy.m in Sources */ = {isa = PBXBuildFile; fileRef = 05C303E417CCA5D4004C78C0 /* ComAlfrescoAppceleratorSdkSearchServiceProxy.m */; };
		05C303EC17CCD01A004C78C0 /* ComAlfrescoAppceleratorSdkListingContextProxy.h in Headers */ = {isa = PBXBuildFile; fileRef = 05C303E817CCD01A004C78C0 /* ComAlfrescoAppceleratorSdkListingContextProxy.h */; };
		05C303ED17CCD01A004C78C0 /* ComAlfrescoAppceleratorSdkListingContextProxy.m in Sources */ = {isa = PBXBuildFile; fileRef = 05C303E917CCD01A004C78C0 /* ComAlfrescoAppceleratorSdkListingContextProxy.m */; };
		05C303EE17CCD01A004C78C0 /* ComAlfrescoAppceleratorSdkSiteProxy.h in Headers */ = {isa = PBXBuildFile; fileRef = 05C303EA17CCD01A004C78C0 /* ComAlfrescoAppceleratorSdkSiteProxy.h */; };
		05C303EF17CCD01A004C78C0 /* ComAlfrescoAppceleratorSdkSiteProxy.m in Sources */ = {isa = PBXBuildFile; fileRef = 05C303EB17CCD01A004C78C0 /* ComAlfrescoAppceleratorSdkSiteProxy.m */; };
		05C303F317CF4FB6004C78C0 /* ComAlfrescoAppceleratorSdkKeywordSearchOptionsProxy.h in Headers */ = {isa = PBXBuildFile; fileRef = 05C303F117CF4FB5004C78C0 /* ComAlfrescoAppceleratorSdkKeywordSearchOptionsProxy.h */; };
		05C303F417CF4FB6004C78C0 /* ComAlfrescoAppceleratorSdkKeywordSearchOptionsProxy.m in Sources */ = {isa = PBXBuildFile; fileRef = 05C303F217CF4FB6004C78C0 /* ComAlfrescoAppceleratorSdkKeywordSearchOptionsProxy.m */; };
		05C303FC17D752CE004C78C0 /* ComAlfrescoAppceleratorSdkNodeProxy.m in Sources */ = {isa = PBXBuildFile; fileRef = 05C303FA17D752CE004C78C0 /* ComAlfrescoAppceleratorSdkNodeProxy.m */; };
		05C303FD17D752CE004C78C0 /* ComAlfrescoAppceleratorSdkNodeProxy.h in Headers */ = {isa = PBXBuildFile; fileRef = 05C303FB17D752CE004C78C0 /* ComAlfrescoAppceleratorSdkNodeProxy.h */; };
		05C3040017DF0696004C78C0 /* ComAlfrescoAppceleratorSdkPermissionsProxy.h in Headers */ = {isa = PBXBuildFile; fileRef = 05C303FE17DF0696004C78C0 /* ComAlfrescoAppceleratorSdkPermissionsProxy.h */; };
		05C3040117DF0696004C78C0 /* ComAlfrescoAppceleratorSdkPermissionsProxy.m in Sources */ = {isa = PBXBuildFile; fileRef = 05C303FF17DF0696004C78C0 /* ComAlfrescoAppceleratorSdkPermissionsProxy.m */; };
		05C3040417DF6C10004C78C0 /* ComAlfrescoAppceleratorSdkActivityProxy.h in Headers */ = {isa = PBXBuildFile; fileRef = 05C3040217DF6C0F004C78C0 /* ComAlfrescoAppceleratorSdkActivityProxy.h */; };
		05C3040517DF6C10004C78C0 /* ComAlfrescoAppceleratorSdkActivityProxy.m in Sources */ = {isa = PBXBuildFile; fileRef = 05C3040317DF6C0F004C78C0 /* ComAlfrescoAppceleratorSdkActivityProxy.m */; };
		05C3040817E1F49A004C78C0 /* ComAlfrescoAppceleratorSdkCommentServiceProxy.h in Headers */ = {isa = PBXBuildFile; fileRef = 05C3040617E1F499004C78C0 /* ComAlfrescoAppceleratorSdkCommentServiceProxy.h */; };
		05C3040917E1F49A004C78C0 /* ComAlfrescoAppceleratorSdkCommentServiceProxy.m in Sources */ = {isa = PBXBuildFile; fileRef = 05C3040717E1F49A004C78C0 /* ComAlfrescoAppceleratorSdkCommentServiceProxy.m */; };
		05C3040C17E1FCE8004C78C0 /* ComAlfrescoAppceleratorSdkCommentProxy.h in Headers */ = {isa = PBXBuildFile; fileRef = 05C3040A17E1FCE7004C78C0 /* ComAlfrescoAppceleratorSdkCommentProxy.h */; };
		05C3040D17E1FCE8004C78C0 /* ComAlfrescoAppceleratorSdkCommentProxy.m in Sources */ = {isa = PBXBuildFile; fileRef = 05C3040B17E1FCE8004C78C0 /* ComAlfrescoAppceleratorSdkCommentProxy.m */; };
		05C3041117E6F473004C78C0 /* ComAlfrescoAppceleratorSdkPersonServiceProxy.h in Headers */ = {isa = PBXBuildFile; fileRef = 05C3040F17E6F472004C78C0 /* ComAlfrescoAppceleratorSdkPersonServiceProxy.h */; };
		05C3041217E6F473004C78C0 /* ComAlfrescoAppceleratorSdkPersonServiceProxy.m in Sources */ = {isa = PBXBuildFile; fileRef = 05C3041017E6F472004C78C0 /* ComAlfrescoAppceleratorSdkPersonServiceProxy.m */; };
		05C3041517E6F4B6004C78C0 /* ComAlfrescoAppceleratorSdkPersonProxy.h in Headers */ = {isa = PBXBuildFile; fileRef = 05C3041317E6F4B5004C78C0 /* ComAlfrescoAppceleratorSdkPersonProxy.h */; };
		05C3041617E6F4B6004C78C0 /* ComAlfrescoAppceleratorSdkPersonProxy.m in Sources */ = {isa = PBXBuildFile; fileRef = 05C3041417E6F4B5004C78C0 /* ComAlfrescoAppceleratorSdkPersonProxy.m */; };
		05C3041917EAE131004C78C0 /* ComAlfrescoAppceleratorSdkTaggingServiceProxy.h in Headers */ = {isa = PBXBuildFile; fileRef = 05C3041717EAE12F004C78C0 /* ComAlfrescoAppceleratorSdkTaggingServiceProxy.h */; };
		05C3041A17EAE131004C78C0 /* ComAlfrescoAppceleratorSdkTaggingServiceProxy.m in Sources */ = {isa = PBXBuildFile; fileRef = 05C3041817EAE130004C78C0 /* ComAlfrescoAppceleratorSdkTaggingServiceProxy.m */; };
		05C3041D17EAE3C1004C78C0 /* ComAlfrescoAppceleratorSdkTagProxy.h in Headers */ = {isa = PBXBuildFile; fileRef = 05C3041B17EAE3BF004C78C0 /* ComAlfrescoAppceleratorSdkTagProxy.h */; };
		05C3041E17EAE3C1004C78C0 /* ComAlfrescoAppceleratorSdkTagProxy.m in Sources */ = {isa = PBXBuildFile; fileRef = 05C3041C17EAE3C0004C78C0 /* ComAlfrescoAppceleratorSdkTagProxy.m */; };
		05C304B317F43F98004C78C0 /* AlfrescoActivityEntry.h in Headers */ = {isa = PBXBuildFile; fileRef = 05C3048917F43F98004C78C0 /* AlfrescoActivityEntry.h */; };
		05C304B417F43F98004C78C0 /* AlfrescoActivityStreamService.h in Headers */ = {isa = PBXBuildFile; fileRef = 05C3048A17F43F98004C78C0 /* AlfrescoActivityStreamService.h */; };
		05C304B517F43F98004C78C0 /* AlfrescoCloudNetwork.h in Headers */ = {isa = PBXBuildFile; fileRef = 05C3048B17F43F98004C78C0 /* AlfrescoCloudNetwork.h */; };
		05C304B617F43F98004C78C0 /* AlfrescoCloudSession.h in Headers */ = {isa = PBXBuildFile; fileRef = 05C3048C17F43F98004C78C0 /* AlfrescoCloudSession.h */; };
		05C304B717F43F98004C78C0 /* AlfrescoComment.h in Headers */ = {isa = PBXBuildFile; fileRef = 05C3048D17F43F98004C78C0 /* AlfrescoComment.h */; };
		05C304B817F43F98004C78C0 /* AlfrescoCommentService.h in Headers */ = {isa = PBXBuildFile; fileRef = 05C3048E17F43F98004C78C0 /* AlfrescoCommentService.h */; };
		05C304B917F43F98004C78C0 /* AlfrescoConstants.h in Headers */ = {isa = PBXBuildFile; fileRef = 05C3048F17F43F98004C78C0 /* AlfrescoConstants.h */; };
		05C304BA17F43F98004C78C0 /* AlfrescoContent.h in Headers */ = {isa = PBXBuildFile; fileRef = 05C3049017F43F98004C78C0 /* AlfrescoContent.h */; };
		05C304BB17F43F98004C78C0 /* AlfrescoContentFile.h in Headers */ = {isa = PBXBuildFile; fileRef = 05C3049117F43F98004C78C0 /* AlfrescoContentFile.h */; };
		05C304BC17F43F98004C78C0 /* AlfrescoContentStream.h in Headers */ = {isa = PBXBuildFile; fileRef = 05C3049217F43F98004C78C0 /* AlfrescoContentStream.h */; };
		05C304BD17F43F98004C78C0 /* AlfrescoDocument.h in Headers */ = {isa = PBXBuildFile; fileRef = 05C3049317F43F98004C78C0 /* AlfrescoDocument.h */; };
		05C304BE17F43F98004C78C0 /* AlfrescoDocumentFolderService.h in Headers */ = {isa = PBXBuildFile; fileRef = 05C3049417F43F98004C78C0 /* AlfrescoDocumentFolderService.h */; };
		05C304BF17F43F98004C78C0 /* AlfrescoErrors.h in Headers */ = {isa = PBXBuildFile; fileRef = 05C3049517F43F98004C78C0 /* AlfrescoErrors.h */; };
		05C304C017F43F98004C78C0 /* AlfrescoFileManager.h in Headers */ = {isa = PBXBuildFile; fileRef = 05C3049617F43F98004C78C0 /* AlfrescoFileManager.h */; };
		05C304C117F43F98004C78C0 /* AlfrescoFolder.h in Headers */ = {isa = PBXBuildFile; fileRef = 05C3049717F43F98004C78C0 /* AlfrescoFolder.h */; };
		05C304C217F43F98004C78C0 /* AlfrescoKeywordSearchOptions.h in Headers */ = {isa = PBXBuildFile; fileRef = 05C3049817F43F98004C78C0 /* AlfrescoKeywordSearchOptions.h */; };
		05C304C317F43F98004C78C0 /* AlfrescoListingContext.h in Headers */ = {isa = PBXBuildFile; fileRef = 05C3049917F43F98004C78C0 /* AlfrescoListingContext.h */; };
		05C304C417F43F98004C78C0 /* AlfrescoLog.h in Headers */ = {isa = PBXBuildFile; fileRef = 05C3049A17F43F98004C78C0 /* AlfrescoLog.h */; };
		05C304C517F43F98004C78C0 /* AlfrescoNetworkProvider.h in Headers */ = {isa = PBXBuildFile; fileRef = 05C3049B17F43F98004C78C0 /* AlfrescoNetworkProvider.h */; };
		05C304C617F43F98004C78C0 /* AlfrescoNode.h in Headers */ = {isa = PBXBuildFile; fileRef = 05C3049C17F43F98004C78C0 /* AlfrescoNode.h */; };
		05C304C717F43F98004C78C0 /* AlfrescoOAuthData.h in Headers */ = {isa = PBXBuildFile; fileRef = 05C3049D17F43F98004C78C0 /* AlfrescoOAuthData.h */; };
		05C304C817F43F98004C78C0 /* AlfrescoOAuthHelper.h in Headers */ = {isa = PBXBuildFile; fileRef = 05C3049E17F43F98004C78C0 /* AlfrescoOAuthHelper.h */; };
		05C304C917F43F98004C78C0 /* AlfrescoOAuthLoginDelegate.h in Headers */ = {isa = PBXBuildFile; fileRef = 05C3049F17F43F98004C78C0 /* AlfrescoOAuthLoginDelegate.h */; };
		05C304CA17F43F98004C78C0 /* AlfrescoOAuthLoginViewController.h in Headers */ = {isa = PBXBuildFile; fileRef = 05C304A017F43F98004C78C0 /* AlfrescoOAuthLoginViewController.h */; };
		05C304CB17F43F98004C78C0 /* AlfrescoPagingResult.h in Headers */ = {isa = PBXBuildFile; fileRef = 05C304A117F43F98004C78C0 /* AlfrescoPagingResult.h */; };
		05C304CC17F43F98004C78C0 /* AlfrescoPermissions.h in Headers */ = {isa = PBXBuildFile; fileRef = 05C304A217F43F98004C78C0 /* AlfrescoPermissions.h */; };
		05C304CD17F43F98004C78C0 /* AlfrescoPerson.h in Headers */ = {isa = PBXBuildFile; fileRef = 05C304A317F43F98004C78C0 /* AlfrescoPerson.h */; };
		05C304CE17F43F98004C78C0 /* AlfrescoPersonService.h in Headers */ = {isa = PBXBuildFile; fileRef = 05C304A417F43F98004C78C0 /* AlfrescoPersonService.h */; };
		05C304CF17F43F98004C78C0 /* AlfrescoProperty.h in Headers */ = {isa = PBXBuildFile; fileRef = 05C304A517F43F98004C78C0 /* AlfrescoProperty.h */; };
		05C304D017F43F98004C78C0 /* AlfrescoRatingService.h in Headers */ = {isa = PBXBuildFile; fileRef = 05C304A617F43F98004C78C0 /* AlfrescoRatingService.h */; };
		05C304D117F43F98004C78C0 /* AlfrescoRepositoryCapabilities.h in Headers */ = {isa = PBXBuildFile; fileRef = 05C304A717F43F98004C78C0 /* AlfrescoRepositoryCapabilities.h */; };
		05C304D217F43F98004C78C0 /* AlfrescoRepositoryInfo.h in Headers */ = {isa = PBXBuildFile; fileRef = 05C304A817F43F98004C78C0 /* AlfrescoRepositoryInfo.h */; };
		05C304D317F43F98004C78C0 /* AlfrescoRepositorySession.h in Headers */ = {isa = PBXBuildFile; fileRef = 05C304A917F43F98004C78C0 /* AlfrescoRepositorySession.h */; };
		05C304D417F43F98004C78C0 /* AlfrescoRequest.h in Headers */ = {isa = PBXBuildFile; fileRef = 05C304AA17F43F98004C78C0 /* AlfrescoRequest.h */; };
		05C304D517F43F98004C78C0 /* AlfrescoSearchLanguage.h in Headers */ = {isa = PBXBuildFile; fileRef = 05C304AB17F43F98004C78C0 /* AlfrescoSearchLanguage.h */; };
		05C304D617F43F98004C78C0 /* AlfrescoSearchService.h in Headers */ = {isa = PBXBuildFile; fileRef = 05C304AC17F43F98004C78C0 /* AlfrescoSearchService.h */; };
		05C304D717F43F98004C78C0 /* AlfrescoSession.h in Headers */ = {isa = PBXBuildFile; fileRef = 05C304AD17F43F98004C78C0 /* AlfrescoSession.h */; };
		05C304D817F43F98004C78C0 /* AlfrescoSite.h in Headers */ = {isa = PBXBuildFile; fileRef = 05C304AE17F43F98004C78C0 /* AlfrescoSite.h */; };
		05C304D917F43F98004C78C0 /* AlfrescoSiteService.h in Headers */ = {isa = PBXBuildFile; fileRef = 05C304AF17F43F98004C78C0 /* AlfrescoSiteService.h */; };
		05C304DA17F43F98004C78C0 /* AlfrescoTag.h in Headers */ = {isa = PBXBuildFile; fileRef = 05C304B017F43F98004C78C0 /* AlfrescoTag.h */; };
		05C304DB17F43F98004C78C0 /* AlfrescoTaggingService.h in Headers */ = {isa = PBXBuildFile; fileRef = 05C304B117F43F98004C78C0 /* AlfrescoTaggingService.h */; };
		05C304DC17F43F98004C78C0 /* AlfrescoVersionService.h in Headers */ = {isa = PBXBuildFile; fileRef = 05C304B217F43F98004C78C0 /* AlfrescoVersionService.h */; };
		05C304DF17F57BCD004C78C0 /* ComAlfrescoAppceleratorSdkVersionServiceProxy.h in Headers */ = {isa = PBXBuildFile; fileRef = 05C304DD17F57BCC004C78C0 /* ComAlfrescoAppceleratorSdkVersionServiceProxy.h */; };
		05C304E017F57BCD004C78C0 /* ComAlfrescoAppceleratorSdkVersionServiceProxy.m in Sources */ = {isa = PBXBuildFile; fileRef = 05C304DE17F57BCC004C78C0 /* ComAlfrescoAppceleratorSdkVersionServiceProxy.m */; };
		05EAFE72177C383D006E0D6F /* ComAlfrescoAppceleratorSdkDocumentProxy.h in Headers */ = {isa = PBXBuildFile; fileRef = 05EAFE6E177C383D006E0D6F /* ComAlfrescoAppceleratorSdkDocumentProxy.h */; };
		05EAFE73177C383D006E0D6F /* ComAlfrescoAppceleratorSdkDocumentProxy.m in Sources */ = {isa = PBXBuildFile; fileRef = 05EAFE6F177C383D006E0D6F /* ComAlfrescoAppceleratorSdkDocumentProxy.m */; };
		05EAFE74177C383D006E0D6F /* ComAlfrescoAppceleratorSdkFolderProxy.h in Headers */ = {isa = PBXBuildFile; fileRef = 05EAFE70177C383D006E0D6F /* ComAlfrescoAppceleratorSdkFolderProxy.h */; };
		05EAFE75177C383D006E0D6F /* ComAlfrescoAppceleratorSdkFolderProxy.m in Sources */ = {isa = PBXBuildFile; fileRef = 05EAFE71177C383D006E0D6F /* ComAlfrescoAppceleratorSdkFolderProxy.m */; };
		AA747D9F0F9514B9006C5449 /* ComAlfrescoAppceleratorModuleiOSSdk_Prefix.pch in Headers */ = {isa = PBXBuildFile; fileRef = AA747D9E0F9514B9006C5449 /* ComAlfrescoAppceleratorModuleiOSSdk_Prefix.pch */; };
		AACBBE4A0F95108600F1A2B1 /* Foundation.framework in Frameworks */ = {isa = PBXBuildFile; fileRef = AACBBE490F95108600F1A2B1 /* Foundation.framework */; };
/* End PBXBuildFile section */

/* Begin PBXContainerItemProxy section */
		24416B8411C4CA280047AFDD /* PBXContainerItemProxy */ = {
			isa = PBXContainerItemProxy;
			containerPortal = 0867D690FE84028FC02AAC07 /* Project object */;
			proxyType = 1;
			remoteGlobalIDString = D2AAC07D0554694100DB518D;
			remoteInfo = iOSSDKModule;
		};
/* End PBXContainerItemProxy section */

/* Begin PBXFileReference section */
		0505DF1B17BB7AE9001F9349 /* ComAlfrescoAppceleratorSdkSiteServiceProxy.m */ = {isa = PBXFileReference; fileEncoding = 4; lastKnownFileType = sourcecode.c.objc; name = ComAlfrescoAppceleratorSdkSiteServiceProxy.m; path = Classes/ComAlfrescoAppceleratorSdkSiteServiceProxy.m; sourceTree = "<group>"; };
		0505DF1C17BB7AE9001F9349 /* ComAlfrescoAppceleratorSdkSiteServiceProxy.h */ = {isa = PBXFileReference; fileEncoding = 4; lastKnownFileType = sourcecode.c.h; name = ComAlfrescoAppceleratorSdkSiteServiceProxy.h; path = Classes/ComAlfrescoAppceleratorSdkSiteServiceProxy.h; sourceTree = "<group>"; };
		0505DF1F17BB8B43001F9349 /* SDKUtil.h */ = {isa = PBXFileReference; fileEncoding = 4; lastKnownFileType = sourcecode.c.h; name = SDKUtil.h; path = Classes/SDKUtil.h; sourceTree = "<group>"; };
		0505DF2017BB8B43001F9349 /* SDKUtil.m */ = {isa = PBXFileReference; fileEncoding = 4; lastKnownFileType = sourcecode.c.objc; name = SDKUtil.m; path = Classes/SDKUtil.m; sourceTree = "<group>"; };
		054AA1BC17A130EE000D7083 /* ComAlfrescoAppceleratorSdkContentFileProxy.h */ = {isa = PBXFileReference; fileEncoding = 4; lastKnownFileType = sourcecode.c.h; name = ComAlfrescoAppceleratorSdkContentFileProxy.h; path = Classes/ComAlfrescoAppceleratorSdkContentFileProxy.h; sourceTree = "<group>"; };
		054AA1BD17A13164000D7083 /* ComAlfrescoAppceleratorSdkContentFileProxy.m */ = {isa = PBXFileReference; fileEncoding = 4; lastKnownFileType = sourcecode.c.objc; name = ComAlfrescoAppceleratorSdkContentFileProxy.m; path = Classes/ComAlfrescoAppceleratorSdkContentFileProxy.m; sourceTree = "<group>"; };
		05AFDCB2175DEB3600E9ABED /* ComAlfrescoAppceleratorSdkDocumentFolderServiceProxy.h */ = {isa = PBXFileReference; fileEncoding = 4; lastKnownFileType = sourcecode.c.h; name = ComAlfrescoAppceleratorSdkDocumentFolderServiceProxy.h; path = Classes/ComAlfrescoAppceleratorSdkDocumentFolderServiceProxy.h; sourceTree = "<group>"; };
		05AFDCB3175DEB3600E9ABED /* ComAlfrescoAppceleratorSdkDocumentFolderServiceProxy.m */ = {isa = PBXFileReference; fileEncoding = 4; lastKnownFileType = sourcecode.c.objc; name = ComAlfrescoAppceleratorSdkDocumentFolderServiceProxy.m; path = Classes/ComAlfrescoAppceleratorSdkDocumentFolderServiceProxy.m; sourceTree = "<group>"; };
		05AFDCB4175DEB3600E9ABED /* ComAlfrescoAppceleratorSdkRepositorySessionProxy.h */ = {isa = PBXFileReference; fileEncoding = 4; lastKnownFileType = sourcecode.c.h; name = ComAlfrescoAppceleratorSdkRepositorySessionProxy.h; path = Classes/ComAlfrescoAppceleratorSdkRepositorySessionProxy.h; sourceTree = "<group>"; };
		05AFDCB5175DEB3600E9ABED /* ComAlfrescoAppceleratorSdkRepositorySessionProxy.m */ = {isa = PBXFileReference; fileEncoding = 4; lastKnownFileType = sourcecode.c.objc; name = ComAlfrescoAppceleratorSdkRepositorySessionProxy.m; path = Classes/ComAlfrescoAppceleratorSdkRepositorySessionProxy.m; sourceTree = "<group>"; };
		05AFDCB6175DEB3600E9ABED /* ComAlfrescoAppceleratorSdkRequestProxy.h */ = {isa = PBXFileReference; fileEncoding = 4; lastKnownFileType = sourcecode.c.h; name = ComAlfrescoAppceleratorSdkRequestProxy.h; path = Classes/ComAlfrescoAppceleratorSdkRequestProxy.h; sourceTree = "<group>"; };
		05AFDCB7175DEB3600E9ABED /* ComAlfrescoAppceleratorSdkRequestProxy.m */ = {isa = PBXFileReference; fileEncoding = 4; lastKnownFileType = sourcecode.c.objc; name = ComAlfrescoAppceleratorSdkRequestProxy.m; path = Classes/ComAlfrescoAppceleratorSdkRequestProxy.m; sourceTree = "<group>"; };
		05AFDCBC175DEB3600E9ABED /* ComAlfrescoAppceleratorSdkSessionProxy.h */ = {isa = PBXFileReference; fileEncoding = 4; lastKnownFileType = sourcecode.c.h; name = ComAlfrescoAppceleratorSdkSessionProxy.h; path = Classes/ComAlfrescoAppceleratorSdkSessionProxy.h; sourceTree = "<group>"; };
		05AFDCBD175DEB3600E9ABED /* ComAlfrescoAppceleratorSdkSessionProxy.m */ = {isa = PBXFileReference; fileEncoding = 4; lastKnownFileType = sourcecode.c.objc; name = ComAlfrescoAppceleratorSdkSessionProxy.m; path = Classes/ComAlfrescoAppceleratorSdkSessionProxy.m; sourceTree = "<group>"; };
		05C303D617C21405004C78C0 /* ComAlfrescoAppceleratorSdkActivityServiceProxy.h */ = {isa = PBXFileReference; fileEncoding = 4; lastKnownFileType = sourcecode.c.h; name = ComAlfrescoAppceleratorSdkActivityServiceProxy.h; path = Classes/ComAlfrescoAppceleratorSdkActivityServiceProxy.h; sourceTree = "<group>"; };
		05C303D717C21405004C78C0 /* ComAlfrescoAppceleratorSdkActivityServiceProxy.m */ = {isa = PBXFileReference; fileEncoding = 4; lastKnownFileType = sourcecode.c.objc; name = ComAlfrescoAppceleratorSdkActivityServiceProxy.m; path = Classes/ComAlfrescoAppceleratorSdkActivityServiceProxy.m; sourceTree = "<group>"; };
		05C303E317CCA5D4004C78C0 /* ComAlfrescoAppceleratorSdkSearchServiceProxy.h */ = {isa = PBXFileReference; fileEncoding = 4; lastKnownFileType = sourcecode.c.h; name = ComAlfrescoAppceleratorSdkSearchServiceProxy.h; path = Classes/ComAlfrescoAppceleratorSdkSearchServiceProxy.h; sourceTree = "<group>"; };
		05C303E417CCA5D4004C78C0 /* ComAlfrescoAppceleratorSdkSearchServiceProxy.m */ = {isa = PBXFileReference; fileEncoding = 4; lastKnownFileType = sourcecode.c.objc; name = ComAlfrescoAppceleratorSdkSearchServiceProxy.m; path = Classes/ComAlfrescoAppceleratorSdkSearchServiceProxy.m; sourceTree = "<group>"; };
		05C303E817CCD01A004C78C0 /* ComAlfrescoAppceleratorSdkListingContextProxy.h */ = {isa = PBXFileReference; fileEncoding = 4; lastKnownFileType = sourcecode.c.h; name = ComAlfrescoAppceleratorSdkListingContextProxy.h; path = Classes/ComAlfrescoAppceleratorSdkListingContextProxy.h; sourceTree = "<group>"; };
		05C303E917CCD01A004C78C0 /* ComAlfrescoAppceleratorSdkListingContextProxy.m */ = {isa = PBXFileReference; fileEncoding = 4; lastKnownFileType = sourcecode.c.objc; name = ComAlfrescoAppceleratorSdkListingContextProxy.m; path = Classes/ComAlfrescoAppceleratorSdkListingContextProxy.m; sourceTree = "<group>"; };
		05C303EA17CCD01A004C78C0 /* ComAlfrescoAppceleratorSdkSiteProxy.h */ = {isa = PBXFileReference; fileEncoding = 4; lastKnownFileType = sourcecode.c.h; name = ComAlfrescoAppceleratorSdkSiteProxy.h; path = Classes/ComAlfrescoAppceleratorSdkSiteProxy.h; sourceTree = "<group>"; };
		05C303EB17CCD01A004C78C0 /* ComAlfrescoAppceleratorSdkSiteProxy.m */ = {isa = PBXFileReference; fileEncoding = 4; lastKnownFileType = sourcecode.c.objc; name = ComAlfrescoAppceleratorSdkSiteProxy.m; path = Classes/ComAlfrescoAppceleratorSdkSiteProxy.m; sourceTree = "<group>"; };
		05C303F117CF4FB5004C78C0 /* ComAlfrescoAppceleratorSdkKeywordSearchOptionsProxy.h */ = {isa = PBXFileReference; fileEncoding = 4; lastKnownFileType = sourcecode.c.h; name = ComAlfrescoAppceleratorSdkKeywordSearchOptionsProxy.h; path = Classes/ComAlfrescoAppceleratorSdkKeywordSearchOptionsProxy.h; sourceTree = "<group>"; };
		05C303F217CF4FB6004C78C0 /* ComAlfrescoAppceleratorSdkKeywordSearchOptionsProxy.m */ = {isa = PBXFileReference; fileEncoding = 4; lastKnownFileType = sourcecode.c.objc; name = ComAlfrescoAppceleratorSdkKeywordSearchOptionsProxy.m; path = Classes/ComAlfrescoAppceleratorSdkKeywordSearchOptionsProxy.m; sourceTree = "<group>"; };
		05C303FA17D752CE004C78C0 /* ComAlfrescoAppceleratorSdkNodeProxy.m */ = {isa = PBXFileReference; fileEncoding = 4; lastKnownFileType = sourcecode.c.objc; name = ComAlfrescoAppceleratorSdkNodeProxy.m; path = Classes/ComAlfrescoAppceleratorSdkNodeProxy.m; sourceTree = "<group>"; };
		05C303FB17D752CE004C78C0 /* ComAlfrescoAppceleratorSdkNodeProxy.h */ = {isa = PBXFileReference; fileEncoding = 4; lastKnownFileType = sourcecode.c.h; name = ComAlfrescoAppceleratorSdkNodeProxy.h; path = Classes/ComAlfrescoAppceleratorSdkNodeProxy.h; sourceTree = "<group>"; };
		05C303FE17DF0696004C78C0 /* ComAlfrescoAppceleratorSdkPermissionsProxy.h */ = {isa = PBXFileReference; fileEncoding = 4; lastKnownFileType = sourcecode.c.h; name = ComAlfrescoAppceleratorSdkPermissionsProxy.h; path = Classes/ComAlfrescoAppceleratorSdkPermissionsProxy.h; sourceTree = "<group>"; };
		05C303FF17DF0696004C78C0 /* ComAlfrescoAppceleratorSdkPermissionsProxy.m */ = {isa = PBXFileReference; fileEncoding = 4; lastKnownFileType = sourcecode.c.objc; name = ComAlfrescoAppceleratorSdkPermissionsProxy.m; path = Classes/ComAlfrescoAppceleratorSdkPermissionsProxy.m; sourceTree = "<group>"; };
		05C3040217DF6C0F004C78C0 /* ComAlfrescoAppceleratorSdkActivityProxy.h */ = {isa = PBXFileReference; fileEncoding = 4; lastKnownFileType = sourcecode.c.h; name = ComAlfrescoAppceleratorSdkActivityProxy.h; path = Classes/ComAlfrescoAppceleratorSdkActivityProxy.h; sourceTree = "<group>"; };
		05C3040317DF6C0F004C78C0 /* ComAlfrescoAppceleratorSdkActivityProxy.m */ = {isa = PBXFileReference; fileEncoding = 4; lastKnownFileType = sourcecode.c.objc; name = ComAlfrescoAppceleratorSdkActivityProxy.m; path = Classes/ComAlfrescoAppceleratorSdkActivityProxy.m; sourceTree = "<group>"; };
		05C3040617E1F499004C78C0 /* ComAlfrescoAppceleratorSdkCommentServiceProxy.h */ = {isa = PBXFileReference; fileEncoding = 4; lastKnownFileType = sourcecode.c.h; name = ComAlfrescoAppceleratorSdkCommentServiceProxy.h; path = Classes/ComAlfrescoAppceleratorSdkCommentServiceProxy.h; sourceTree = "<group>"; };
		05C3040717E1F49A004C78C0 /* ComAlfrescoAppceleratorSdkCommentServiceProxy.m */ = {isa = PBXFileReference; fileEncoding = 4; lastKnownFileType = sourcecode.c.objc; name = ComAlfrescoAppceleratorSdkCommentServiceProxy.m; path = Classes/ComAlfrescoAppceleratorSdkCommentServiceProxy.m; sourceTree = "<group>"; };
		05C3040A17E1FCE7004C78C0 /* ComAlfrescoAppceleratorSdkCommentProxy.h */ = {isa = PBXFileReference; fileEncoding = 4; lastKnownFileType = sourcecode.c.h; name = ComAlfrescoAppceleratorSdkCommentProxy.h; path = Classes/ComAlfrescoAppceleratorSdkCommentProxy.h; sourceTree = "<group>"; };
		05C3040B17E1FCE8004C78C0 /* ComAlfrescoAppceleratorSdkCommentProxy.m */ = {isa = PBXFileReference; fileEncoding = 4; lastKnownFileType = sourcecode.c.objc; name = ComAlfrescoAppceleratorSdkCommentProxy.m; path = Classes/ComAlfrescoAppceleratorSdkCommentProxy.m; sourceTree = "<group>"; };
		05C3040F17E6F472004C78C0 /* ComAlfrescoAppceleratorSdkPersonServiceProxy.h */ = {isa = PBXFileReference; fileEncoding = 4; lastKnownFileType = sourcecode.c.h; name = ComAlfrescoAppceleratorSdkPersonServiceProxy.h; path = Classes/ComAlfrescoAppceleratorSdkPersonServiceProxy.h; sourceTree = "<group>"; };
		05C3041017E6F472004C78C0 /* ComAlfrescoAppceleratorSdkPersonServiceProxy.m */ = {isa = PBXFileReference; fileEncoding = 4; lastKnownFileType = sourcecode.c.objc; name = ComAlfrescoAppceleratorSdkPersonServiceProxy.m; path = Classes/ComAlfrescoAppceleratorSdkPersonServiceProxy.m; sourceTree = "<group>"; };
		05C3041317E6F4B5004C78C0 /* ComAlfrescoAppceleratorSdkPersonProxy.h */ = {isa = PBXFileReference; fileEncoding = 4; lastKnownFileType = sourcecode.c.h; name = ComAlfrescoAppceleratorSdkPersonProxy.h; path = Classes/ComAlfrescoAppceleratorSdkPersonProxy.h; sourceTree = "<group>"; };
		05C3041417E6F4B5004C78C0 /* ComAlfrescoAppceleratorSdkPersonProxy.m */ = {isa = PBXFileReference; fileEncoding = 4; lastKnownFileType = sourcecode.c.objc; name = ComAlfrescoAppceleratorSdkPersonProxy.m; path = Classes/ComAlfrescoAppceleratorSdkPersonProxy.m; sourceTree = "<group>"; };
		05C3041717EAE12F004C78C0 /* ComAlfrescoAppceleratorSdkTaggingServiceProxy.h */ = {isa = PBXFileReference; fileEncoding = 4; lastKnownFileType = sourcecode.c.h; name = ComAlfrescoAppceleratorSdkTaggingServiceProxy.h; path = Classes/ComAlfrescoAppceleratorSdkTaggingServiceProxy.h; sourceTree = "<group>"; };
		05C3041817EAE130004C78C0 /* ComAlfrescoAppceleratorSdkTaggingServiceProxy.m */ = {isa = PBXFileReference; fileEncoding = 4; lastKnownFileType = sourcecode.c.objc; name = ComAlfrescoAppceleratorSdkTaggingServiceProxy.m; path = Classes/ComAlfrescoAppceleratorSdkTaggingServiceProxy.m; sourceTree = "<group>"; };
		05C3041B17EAE3BF004C78C0 /* ComAlfrescoAppceleratorSdkTagProxy.h */ = {isa = PBXFileReference; fileEncoding = 4; lastKnownFileType = sourcecode.c.h; name = ComAlfrescoAppceleratorSdkTagProxy.h; path = Classes/ComAlfrescoAppceleratorSdkTagProxy.h; sourceTree = "<group>"; };
		05C3041C17EAE3C0004C78C0 /* ComAlfrescoAppceleratorSdkTagProxy.m */ = {isa = PBXFileReference; fileEncoding = 4; lastKnownFileType = sourcecode.c.objc; name = ComAlfrescoAppceleratorSdkTagProxy.m; path = Classes/ComAlfrescoAppceleratorSdkTagProxy.m; sourceTree = "<group>"; };
		05C3048917F43F98004C78C0 /* AlfrescoActivityEntry.h */ = {isa = PBXFileReference; fileEncoding = 4; lastKnownFileType = sourcecode.c.h; name = AlfrescoActivityEntry.h; path = "Alfresco SDK/AlfrescoActivityEntry.h"; sourceTree = "<group>"; };
		05C3048A17F43F98004C78C0 /* AlfrescoActivityStreamService.h */ = {isa = PBXFileReference; fileEncoding = 4; lastKnownFileType = sourcecode.c.h; name = AlfrescoActivityStreamService.h; path = "Alfresco SDK/AlfrescoActivityStreamService.h"; sourceTree = "<group>"; };
		05C3048B17F43F98004C78C0 /* AlfrescoCloudNetwork.h */ = {isa = PBXFileReference; fileEncoding = 4; lastKnownFileType = sourcecode.c.h; name = AlfrescoCloudNetwork.h; path = "Alfresco SDK/AlfrescoCloudNetwork.h"; sourceTree = "<group>"; };
		05C3048C17F43F98004C78C0 /* AlfrescoCloudSession.h */ = {isa = PBXFileReference; fileEncoding = 4; lastKnownFileType = sourcecode.c.h; name = AlfrescoCloudSession.h; path = "Alfresco SDK/AlfrescoCloudSession.h"; sourceTree = "<group>"; };
		05C3048D17F43F98004C78C0 /* AlfrescoComment.h */ = {isa = PBXFileReference; fileEncoding = 4; lastKnownFileType = sourcecode.c.h; name = AlfrescoComment.h; path = "Alfresco SDK/AlfrescoComment.h"; sourceTree = "<group>"; };
		05C3048E17F43F98004C78C0 /* AlfrescoCommentService.h */ = {isa = PBXFileReference; fileEncoding = 4; lastKnownFileType = sourcecode.c.h; name = AlfrescoCommentService.h; path = "Alfresco SDK/AlfrescoCommentService.h"; sourceTree = "<group>"; };
		05C3048F17F43F98004C78C0 /* AlfrescoConstants.h */ = {isa = PBXFileReference; fileEncoding = 4; lastKnownFileType = sourcecode.c.h; name = AlfrescoConstants.h; path = "Alfresco SDK/AlfrescoConstants.h"; sourceTree = "<group>"; };
		05C3049017F43F98004C78C0 /* AlfrescoContent.h */ = {isa = PBXFileReference; fileEncoding = 4; lastKnownFileType = sourcecode.c.h; name = AlfrescoContent.h; path = "Alfresco SDK/AlfrescoContent.h"; sourceTree = "<group>"; };
		05C3049117F43F98004C78C0 /* AlfrescoContentFile.h */ = {isa = PBXFileReference; fileEncoding = 4; lastKnownFileType = sourcecode.c.h; name = AlfrescoContentFile.h; path = "Alfresco SDK/AlfrescoContentFile.h"; sourceTree = "<group>"; };
		05C3049217F43F98004C78C0 /* AlfrescoContentStream.h */ = {isa = PBXFileReference; fileEncoding = 4; lastKnownFileType = sourcecode.c.h; name = AlfrescoContentStream.h; path = "Alfresco SDK/AlfrescoContentStream.h"; sourceTree = "<group>"; };
		05C3049317F43F98004C78C0 /* AlfrescoDocument.h */ = {isa = PBXFileReference; fileEncoding = 4; lastKnownFileType = sourcecode.c.h; name = AlfrescoDocument.h; path = "Alfresco SDK/AlfrescoDocument.h"; sourceTree = "<group>"; };
		05C3049417F43F98004C78C0 /* AlfrescoDocumentFolderService.h */ = {isa = PBXFileReference; fileEncoding = 4; lastKnownFileType = sourcecode.c.h; name = AlfrescoDocumentFolderService.h; path = "Alfresco SDK/AlfrescoDocumentFolderService.h"; sourceTree = "<group>"; };
		05C3049517F43F98004C78C0 /* AlfrescoErrors.h */ = {isa = PBXFileReference; fileEncoding = 4; lastKnownFileType = sourcecode.c.h; name = AlfrescoErrors.h; path = "Alfresco SDK/AlfrescoErrors.h"; sourceTree = "<group>"; };
		05C3049617F43F98004C78C0 /* AlfrescoFileManager.h */ = {isa = PBXFileReference; fileEncoding = 4; lastKnownFileType = sourcecode.c.h; name = AlfrescoFileManager.h; path = "Alfresco SDK/AlfrescoFileManager.h"; sourceTree = "<group>"; };
		05C3049717F43F98004C78C0 /* AlfrescoFolder.h */ = {isa = PBXFileReference; fileEncoding = 4; lastKnownFileType = sourcecode.c.h; name = AlfrescoFolder.h; path = "Alfresco SDK/AlfrescoFolder.h"; sourceTree = "<group>"; };
		05C3049817F43F98004C78C0 /* AlfrescoKeywordSearchOptions.h */ = {isa = PBXFileReference; fileEncoding = 4; lastKnownFileType = sourcecode.c.h; name = AlfrescoKeywordSearchOptions.h; path = "Alfresco SDK/AlfrescoKeywordSearchOptions.h"; sourceTree = "<group>"; };
		05C3049917F43F98004C78C0 /* AlfrescoListingContext.h */ = {isa = PBXFileReference; fileEncoding = 4; lastKnownFileType = sourcecode.c.h; name = AlfrescoListingContext.h; path = "Alfresco SDK/AlfrescoListingContext.h"; sourceTree = "<group>"; };
		05C3049A17F43F98004C78C0 /* AlfrescoLog.h */ = {isa = PBXFileReference; fileEncoding = 4; lastKnownFileType = sourcecode.c.h; name = AlfrescoLog.h; path = "Alfresco SDK/AlfrescoLog.h"; sourceTree = "<group>"; };
		05C3049B17F43F98004C78C0 /* AlfrescoNetworkProvider.h */ = {isa = PBXFileReference; fileEncoding = 4; lastKnownFileType = sourcecode.c.h; name = AlfrescoNetworkProvider.h; path = "Alfresco SDK/AlfrescoNetworkProvider.h"; sourceTree = "<group>"; };
		05C3049C17F43F98004C78C0 /* AlfrescoNode.h */ = {isa = PBXFileReference; fileEncoding = 4; lastKnownFileType = sourcecode.c.h; name = AlfrescoNode.h; path = "Alfresco SDK/AlfrescoNode.h"; sourceTree = "<group>"; };
		05C3049D17F43F98004C78C0 /* AlfrescoOAuthData.h */ = {isa = PBXFileReference; fileEncoding = 4; lastKnownFileType = sourcecode.c.h; name = AlfrescoOAuthData.h; path = "Alfresco SDK/AlfrescoOAuthData.h"; sourceTree = "<group>"; };
		05C3049E17F43F98004C78C0 /* AlfrescoOAuthHelper.h */ = {isa = PBXFileReference; fileEncoding = 4; lastKnownFileType = sourcecode.c.h; name = AlfrescoOAuthHelper.h; path = "Alfresco SDK/AlfrescoOAuthHelper.h"; sourceTree = "<group>"; };
		05C3049F17F43F98004C78C0 /* AlfrescoOAuthLoginDelegate.h */ = {isa = PBXFileReference; fileEncoding = 4; lastKnownFileType = sourcecode.c.h; name = AlfrescoOAuthLoginDelegate.h; path = "Alfresco SDK/AlfrescoOAuthLoginDelegate.h"; sourceTree = "<group>"; };
		05C304A017F43F98004C78C0 /* AlfrescoOAuthLoginViewController.h */ = {isa = PBXFileReference; fileEncoding = 4; lastKnownFileType = sourcecode.c.h; name = AlfrescoOAuthLoginViewController.h; path = "Alfresco SDK/AlfrescoOAuthLoginViewController.h"; sourceTree = "<group>"; };
		05C304A117F43F98004C78C0 /* AlfrescoPagingResult.h */ = {isa = PBXFileReference; fileEncoding = 4; lastKnownFileType = sourcecode.c.h; name = AlfrescoPagingResult.h; path = "Alfresco SDK/AlfrescoPagingResult.h"; sourceTree = "<group>"; };
		05C304A217F43F98004C78C0 /* AlfrescoPermissions.h */ = {isa = PBXFileReference; fileEncoding = 4; lastKnownFileType = sourcecode.c.h; name = AlfrescoPermissions.h; path = "Alfresco SDK/AlfrescoPermissions.h"; sourceTree = "<group>"; };
		05C304A317F43F98004C78C0 /* AlfrescoPerson.h */ = {isa = PBXFileReference; fileEncoding = 4; lastKnownFileType = sourcecode.c.h; name = AlfrescoPerson.h; path = "Alfresco SDK/AlfrescoPerson.h"; sourceTree = "<group>"; };
		05C304A417F43F98004C78C0 /* AlfrescoPersonService.h */ = {isa = PBXFileReference; fileEncoding = 4; lastKnownFileType = sourcecode.c.h; name = AlfrescoPersonService.h; path = "Alfresco SDK/AlfrescoPersonService.h"; sourceTree = "<group>"; };
		05C304A517F43F98004C78C0 /* AlfrescoProperty.h */ = {isa = PBXFileReference; fileEncoding = 4; lastKnownFileType = sourcecode.c.h; name = AlfrescoProperty.h; path = "Alfresco SDK/AlfrescoProperty.h"; sourceTree = "<group>"; };
		05C304A617F43F98004C78C0 /* AlfrescoRatingService.h */ = {isa = PBXFileReference; fileEncoding = 4; lastKnownFileType = sourcecode.c.h; name = AlfrescoRatingService.h; path = "Alfresco SDK/AlfrescoRatingService.h"; sourceTree = "<group>"; };
		05C304A717F43F98004C78C0 /* AlfrescoRepositoryCapabilities.h */ = {isa = PBXFileReference; fileEncoding = 4; lastKnownFileType = sourcecode.c.h; name = AlfrescoRepositoryCapabilities.h; path = "Alfresco SDK/AlfrescoRepositoryCapabilities.h"; sourceTree = "<group>"; };
		05C304A817F43F98004C78C0 /* AlfrescoRepositoryInfo.h */ = {isa = PBXFileReference; fileEncoding = 4; lastKnownFileType = sourcecode.c.h; name = AlfrescoRepositoryInfo.h; path = "Alfresco SDK/AlfrescoRepositoryInfo.h"; sourceTree = "<group>"; };
		05C304A917F43F98004C78C0 /* AlfrescoRepositorySession.h */ = {isa = PBXFileReference; fileEncoding = 4; lastKnownFileType = sourcecode.c.h; name = AlfrescoRepositorySession.h; path = "Alfresco SDK/AlfrescoRepositorySession.h"; sourceTree = "<group>"; };
		05C304AA17F43F98004C78C0 /* AlfrescoRequest.h */ = {isa = PBXFileReference; fileEncoding = 4; lastKnownFileType = sourcecode.c.h; name = AlfrescoRequest.h; path = "Alfresco SDK/AlfrescoRequest.h"; sourceTree = "<group>"; };
		05C304AB17F43F98004C78C0 /* AlfrescoSearchLanguage.h */ = {isa = PBXFileReference; fileEncoding = 4; lastKnownFileType = sourcecode.c.h; name = AlfrescoSearchLanguage.h; path = "Alfresco SDK/AlfrescoSearchLanguage.h"; sourceTree = "<group>"; };
		05C304AC17F43F98004C78C0 /* AlfrescoSearchService.h */ = {isa = PBXFileReference; fileEncoding = 4; lastKnownFileType = sourcecode.c.h; name = AlfrescoSearchService.h; path = "Alfresco SDK/AlfrescoSearchService.h"; sourceTree = "<group>"; };
		05C304AD17F43F98004C78C0 /* AlfrescoSession.h */ = {isa = PBXFileReference; fileEncoding = 4; lastKnownFileType = sourcecode.c.h; name = AlfrescoSession.h; path = "Alfresco SDK/AlfrescoSession.h"; sourceTree = "<group>"; };
		05C304AE17F43F98004C78C0 /* AlfrescoSite.h */ = {isa = PBXFileReference; fileEncoding = 4; lastKnownFileType = sourcecode.c.h; name = AlfrescoSite.h; path = "Alfresco SDK/AlfrescoSite.h"; sourceTree = "<group>"; };
		05C304AF17F43F98004C78C0 /* AlfrescoSiteService.h */ = {isa = PBXFileReference; fileEncoding = 4; lastKnownFileType = sourcecode.c.h; name = AlfrescoSiteService.h; path = "Alfresco SDK/AlfrescoSiteService.h"; sourceTree = "<group>"; };
		05C304B017F43F98004C78C0 /* AlfrescoTag.h */ = {isa = PBXFileReference; fileEncoding = 4; lastKnownFileType = sourcecode.c.h; name = AlfrescoTag.h; path = "Alfresco SDK/AlfrescoTag.h"; sourceTree = "<group>"; };
		05C304B117F43F98004C78C0 /* AlfrescoTaggingService.h */ = {isa = PBXFileReference; fileEncoding = 4; lastKnownFileType = sourcecode.c.h; name = AlfrescoTaggingService.h; path = "Alfresco SDK/AlfrescoTaggingService.h"; sourceTree = "<group>"; };
		05C304B217F43F98004C78C0 /* AlfrescoVersionService.h */ = {isa = PBXFileReference; fileEncoding = 4; lastKnownFileType = sourcecode.c.h; name = AlfrescoVersionService.h; path = "Alfresco SDK/AlfrescoVersionService.h"; sourceTree = "<group>"; };
		05C304DD17F57BCC004C78C0 /* ComAlfrescoAppceleratorSdkVersionServiceProxy.h */ = {isa = PBXFileReference; fileEncoding = 4; lastKnownFileType = sourcecode.c.h; name = ComAlfrescoAppceleratorSdkVersionServiceProxy.h; path = Classes/ComAlfrescoAppceleratorSdkVersionServiceProxy.h; sourceTree = "<group>"; };
		05C304DE17F57BCC004C78C0 /* ComAlfrescoAppceleratorSdkVersionServiceProxy.m */ = {isa = PBXFileReference; fileEncoding = 4; lastKnownFileType = sourcecode.c.objc; name = ComAlfrescoAppceleratorSdkVersionServiceProxy.m; path = Classes/ComAlfrescoAppceleratorSdkVersionServiceProxy.m; sourceTree = "<group>"; };
		05EAFE6E177C383D006E0D6F /* ComAlfrescoAppceleratorSdkDocumentProxy.h */ = {isa = PBXFileReference; fileEncoding = 4; lastKnownFileType = sourcecode.c.h; name = ComAlfrescoAppceleratorSdkDocumentProxy.h; path = Classes/ComAlfrescoAppceleratorSdkDocumentProxy.h; sourceTree = "<group>"; };
		05EAFE6F177C383D006E0D6F /* ComAlfrescoAppceleratorSdkDocumentProxy.m */ = {isa = PBXFileReference; fileEncoding = 4; lastKnownFileType = sourcecode.c.objc; name = ComAlfrescoAppceleratorSdkDocumentProxy.m; path = Classes/ComAlfrescoAppceleratorSdkDocumentProxy.m; sourceTree = "<group>"; };
		05EAFE70177C383D006E0D6F /* ComAlfrescoAppceleratorSdkFolderProxy.h */ = {isa = PBXFileReference; fileEncoding = 4; lastKnownFileType = sourcecode.c.h; name = ComAlfrescoAppceleratorSdkFolderProxy.h; path = Classes/ComAlfrescoAppceleratorSdkFolderProxy.h; sourceTree = "<group>"; };
		05EAFE71177C383D006E0D6F /* ComAlfrescoAppceleratorSdkFolderProxy.m */ = {isa = PBXFileReference; fileEncoding = 4; lastKnownFileType = sourcecode.c.objc; name = ComAlfrescoAppceleratorSdkFolderProxy.m; path = Classes/ComAlfrescoAppceleratorSdkFolderProxy.m; sourceTree = "<group>"; };
		24DD6D1B1134B66800162E58 /* titanium.xcconfig */ = {isa = PBXFileReference; fileEncoding = 4; lastKnownFileType = text.xcconfig; path = titanium.xcconfig; sourceTree = "<group>"; };
		AA747D9E0F9514B9006C5449 /* ComAlfrescoAppceleratorModuleiOSSdk_Prefix.pch */ = {isa = PBXFileReference; fileEncoding = 4; lastKnownFileType = sourcecode.c.h; path = ComAlfrescoAppceleratorModuleiOSSdk_Prefix.pch; sourceTree = SOURCE_ROOT; };
		AACBBE490F95108600F1A2B1 /* Foundation.framework */ = {isa = PBXFileReference; lastKnownFileType = wrapper.framework; name = Foundation.framework; path = System/Library/Frameworks/Foundation.framework; sourceTree = SDKROOT; };
		D2AAC07E0554694100DB518D /* libComAlfrescoAppceleratorModuleIosSdk.a */ = {isa = PBXFileReference; explicitFileType = archive.ar; includeInIndex = 0; path = libComAlfrescoAppceleratorModuleIosSdk.a; sourceTree = BUILT_PRODUCTS_DIR; };
/* End PBXFileReference section */

/* Begin PBXFrameworksBuildPhase section */
		D2AAC07C0554694100DB518D /* Frameworks */ = {
			isa = PBXFrameworksBuildPhase;
			buildActionMask = 2147483647;
			files = (
				AACBBE4A0F95108600F1A2B1 /* Foundation.framework in Frameworks */,
			);
			runOnlyForDeploymentPostprocessing = 0;
		};
/* End PBXFrameworksBuildPhase section */

/* Begin PBXGroup section */
		034768DFFF38A50411DB9C8B /* Products */ = {
			isa = PBXGroup;
			children = (
				D2AAC07E0554694100DB518D /* libComAlfrescoAppceleratorModuleIosSdk.a */,
			);
			name = Products;
			sourceTree = "<group>";
		};
		05C3042117F426FF004C78C0 /* Alfresco SDK */ = {
			isa = PBXGroup;
			children = (
				05C3048917F43F98004C78C0 /* AlfrescoActivityEntry.h */,
				05C3048A17F43F98004C78C0 /* AlfrescoActivityStreamService.h */,
				05C3048B17F43F98004C78C0 /* AlfrescoCloudNetwork.h */,
				05C3048C17F43F98004C78C0 /* AlfrescoCloudSession.h */,
				05C3048D17F43F98004C78C0 /* AlfrescoComment.h */,
				05C3048E17F43F98004C78C0 /* AlfrescoCommentService.h */,
				05C3048F17F43F98004C78C0 /* AlfrescoConstants.h */,
				05C3049017F43F98004C78C0 /* AlfrescoContent.h */,
				05C3049117F43F98004C78C0 /* AlfrescoContentFile.h */,
				05C3049217F43F98004C78C0 /* AlfrescoContentStream.h */,
				05C3049317F43F98004C78C0 /* AlfrescoDocument.h */,
				05C3049417F43F98004C78C0 /* AlfrescoDocumentFolderService.h */,
				05C3049517F43F98004C78C0 /* AlfrescoErrors.h */,
				05C3049617F43F98004C78C0 /* AlfrescoFileManager.h */,
				05C3049717F43F98004C78C0 /* AlfrescoFolder.h */,
				05C3049817F43F98004C78C0 /* AlfrescoKeywordSearchOptions.h */,
				05C3049917F43F98004C78C0 /* AlfrescoListingContext.h */,
				05C3049A17F43F98004C78C0 /* AlfrescoLog.h */,
				05C3049B17F43F98004C78C0 /* AlfrescoNetworkProvider.h */,
				05C3049C17F43F98004C78C0 /* AlfrescoNode.h */,
				05C3049D17F43F98004C78C0 /* AlfrescoOAuthData.h */,
				05C3049E17F43F98004C78C0 /* AlfrescoOAuthHelper.h */,
				05C3049F17F43F98004C78C0 /* AlfrescoOAuthLoginDelegate.h */,
				05C304A017F43F98004C78C0 /* AlfrescoOAuthLoginViewController.h */,
				05C304A117F43F98004C78C0 /* AlfrescoPagingResult.h */,
				05C304A217F43F98004C78C0 /* AlfrescoPermissions.h */,
				05C304A317F43F98004C78C0 /* AlfrescoPerson.h */,
				05C304A417F43F98004C78C0 /* AlfrescoPersonService.h */,
				05C304A517F43F98004C78C0 /* AlfrescoProperty.h */,
				05C304A617F43F98004C78C0 /* AlfrescoRatingService.h */,
				05C304A717F43F98004C78C0 /* AlfrescoRepositoryCapabilities.h */,
				05C304A817F43F98004C78C0 /* AlfrescoRepositoryInfo.h */,
				05C304A917F43F98004C78C0 /* AlfrescoRepositorySession.h */,
				05C304AA17F43F98004C78C0 /* AlfrescoRequest.h */,
				05C304AB17F43F98004C78C0 /* AlfrescoSearchLanguage.h */,
				05C304AC17F43F98004C78C0 /* AlfrescoSearchService.h */,
				05C304AD17F43F98004C78C0 /* AlfrescoSession.h */,
				05C304AE17F43F98004C78C0 /* AlfrescoSite.h */,
				05C304AF17F43F98004C78C0 /* AlfrescoSiteService.h */,
				05C304B017F43F98004C78C0 /* AlfrescoTag.h */,
				05C304B117F43F98004C78C0 /* AlfrescoTaggingService.h */,
				05C304B217F43F98004C78C0 /* AlfrescoVersionService.h */,
			);
			name = "Alfresco SDK";
			sourceTree = "<group>";
		};
		0867D691FE84028FC02AAC07 /* iOSSDKModule */ = {
			isa = PBXGroup;
			children = (
				05C3042117F426FF004C78C0 /* Alfresco SDK */,
				08FB77AEFE84172EC02AAC07 /* Classes */,
				32C88DFF0371C24200C91783 /* Other Sources */,
				0867D69AFE84028FC02AAC07 /* Frameworks */,
				034768DFFF38A50411DB9C8B /* Products */,
			);
			name = iOSSDKModule;
			sourceTree = "<group>";
		};
		0867D69AFE84028FC02AAC07 /* Frameworks */ = {
			isa = PBXGroup;
			children = (
				AACBBE490F95108600F1A2B1 /* Foundation.framework */,
			);
			name = Frameworks;
			sourceTree = "<group>";
		};
		08FB77AEFE84172EC02AAC07 /* Classes */ = {
			isa = PBXGroup;
			children = (
				05AFDCBC175DEB3600E9ABED /* ComAlfrescoAppceleratorSdkSessionProxy.h */,
				05AFDCBD175DEB3600E9ABED /* ComAlfrescoAppceleratorSdkSessionProxy.m */,
				05AFDCB4175DEB3600E9ABED /* ComAlfrescoAppceleratorSdkRepositorySessionProxy.h */,
				05AFDCB5175DEB3600E9ABED /* ComAlfrescoAppceleratorSdkRepositorySessionProxy.m */,
				05AFDCB2175DEB3600E9ABED /* ComAlfrescoAppceleratorSdkDocumentFolderServiceProxy.h */,
				05AFDCB3175DEB3600E9ABED /* ComAlfrescoAppceleratorSdkDocumentFolderServiceProxy.m */,
				05C303FA17D752CE004C78C0 /* ComAlfrescoAppceleratorSdkNodeProxy.m */,
				05C303FB17D752CE004C78C0 /* ComAlfrescoAppceleratorSdkNodeProxy.h */,
				05EAFE6E177C383D006E0D6F /* ComAlfrescoAppceleratorSdkDocumentProxy.h */,
				05EAFE6F177C383D006E0D6F /* ComAlfrescoAppceleratorSdkDocumentProxy.m */,
				05EAFE70177C383D006E0D6F /* ComAlfrescoAppceleratorSdkFolderProxy.h */,
				05EAFE71177C383D006E0D6F /* ComAlfrescoAppceleratorSdkFolderProxy.m */,
				0505DF1C17BB7AE9001F9349 /* ComAlfrescoAppceleratorSdkSiteServiceProxy.h */,
				0505DF1B17BB7AE9001F9349 /* ComAlfrescoAppceleratorSdkSiteServiceProxy.m */,
				05C303EA17CCD01A004C78C0 /* ComAlfrescoAppceleratorSdkSiteProxy.h */,
				05C303EB17CCD01A004C78C0 /* ComAlfrescoAppceleratorSdkSiteProxy.m */,
				05C303E317CCA5D4004C78C0 /* ComAlfrescoAppceleratorSdkSearchServiceProxy.h */,
				05C303E417CCA5D4004C78C0 /* ComAlfrescoAppceleratorSdkSearchServiceProxy.m */,
				05C303F117CF4FB5004C78C0 /* ComAlfrescoAppceleratorSdkKeywordSearchOptionsProxy.h */,
				05C303F217CF4FB6004C78C0 /* ComAlfrescoAppceleratorSdkKeywordSearchOptionsProxy.m */,
				05C303D617C21405004C78C0 /* ComAlfrescoAppceleratorSdkActivityServiceProxy.h */,
				05C303D717C21405004C78C0 /* ComAlfrescoAppceleratorSdkActivityServiceProxy.m */,
				05C3040217DF6C0F004C78C0 /* ComAlfrescoAppceleratorSdkActivityProxy.h */,
				05C3040317DF6C0F004C78C0 /* ComAlfrescoAppceleratorSdkActivityProxy.m */,
				05C3040617E1F499004C78C0 /* ComAlfrescoAppceleratorSdkCommentServiceProxy.h */,
				05C3040717E1F49A004C78C0 /* ComAlfrescoAppceleratorSdkCommentServiceProxy.m */,
				05C3040A17E1FCE7004C78C0 /* ComAlfrescoAppceleratorSdkCommentProxy.h */,
				05C3040B17E1FCE8004C78C0 /* ComAlfrescoAppceleratorSdkCommentProxy.m */,
				05C3040F17E6F472004C78C0 /* ComAlfrescoAppceleratorSdkPersonServiceProxy.h */,
				05C3041017E6F472004C78C0 /* ComAlfrescoAppceleratorSdkPersonServiceProxy.m */,
				05C3041317E6F4B5004C78C0 /* ComAlfrescoAppceleratorSdkPersonProxy.h */,
				05C3041417E6F4B5004C78C0 /* ComAlfrescoAppceleratorSdkPersonProxy.m */,
				05C3041717EAE12F004C78C0 /* ComAlfrescoAppceleratorSdkTaggingServiceProxy.h */,
				05C3041817EAE130004C78C0 /* ComAlfrescoAppceleratorSdkTaggingServiceProxy.m */,
				05C3041B17EAE3BF004C78C0 /* ComAlfrescoAppceleratorSdkTagProxy.h */,
				05C3041C17EAE3C0004C78C0 /* ComAlfrescoAppceleratorSdkTagProxy.m */,
				05C304DD17F57BCC004C78C0 /* ComAlfrescoAppceleratorSdkVersionServiceProxy.h */,
				05C304DE17F57BCC004C78C0 /* ComAlfrescoAppceleratorSdkVersionServiceProxy.m */,
				054AA1BC17A130EE000D7083 /* ComAlfrescoAppceleratorSdkContentFileProxy.h */,
				054AA1BD17A13164000D7083 /* ComAlfrescoAppceleratorSdkContentFileProxy.m */,
				05C303E817CCD01A004C78C0 /* ComAlfrescoAppceleratorSdkListingContextProxy.h */,
				05C303E917CCD01A004C78C0 /* ComAlfrescoAppceleratorSdkListingContextProxy.m */,
				05AFDCB6175DEB3600E9ABED /* ComAlfrescoAppceleratorSdkRequestProxy.h */,
				05AFDCB7175DEB3600E9ABED /* ComAlfrescoAppceleratorSdkRequestProxy.m */,
				05C303FE17DF0696004C78C0 /* ComAlfrescoAppceleratorSdkPermissionsProxy.h */,
				05C303FF17DF0696004C78C0 /* ComAlfrescoAppceleratorSdkPermissionsProxy.m */,
				0505DF1F17BB8B43001F9349 /* SDKUtil.h */,
				0505DF2017BB8B43001F9349 /* SDKUtil.m */,
			);
			name = Classes;
			sourceTree = "<group>";
		};
		32C88DFF0371C24200C91783 /* Other Sources */ = {
			isa = PBXGroup;
			children = (
				AA747D9E0F9514B9006C5449 /* ComAlfrescoAppceleratorModuleiOSSdk_Prefix.pch */,
				24DD6D1B1134B66800162E58 /* titanium.xcconfig */,
			);
			name = "Other Sources";
			sourceTree = "<group>";
		};
/* End PBXGroup section */

/* Begin PBXHeadersBuildPhase section */
		D2AAC07A0554694100DB518D /* Headers */ = {
			isa = PBXHeadersBuildPhase;
			buildActionMask = 2147483647;
			files = (
				AA747D9F0F9514B9006C5449 /* ComAlfrescoAppceleratorModuleiOSSdk_Prefix.pch in Headers */,
				05AFDCBE175DEB3600E9ABED /* ComAlfrescoAppceleratorSdkDocumentFolderServiceProxy.h in Headers */,
				05AFDCC0175DEB3600E9ABED /* ComAlfrescoAppceleratorSdkRepositorySessionProxy.h in Headers */,
				05AFDCC2175DEB3600E9ABED /* ComAlfrescoAppceleratorSdkRequestProxy.h in Headers */,
				05AFDCC8175DEB3600E9ABED /* ComAlfrescoAppceleratorSdkSessionProxy.h in Headers */,
				05EAFE72177C383D006E0D6F /* ComAlfrescoAppceleratorSdkDocumentProxy.h in Headers */,
				05EAFE74177C383D006E0D6F /* ComAlfrescoAppceleratorSdkFolderProxy.h in Headers */,
				054AA1BE17A13628000D7083 /* ComAlfrescoAppceleratorSdkContentFileProxy.h in Headers */,
				0505DF1E17BB7AE9001F9349 /* ComAlfrescoAppceleratorSdkSiteServiceProxy.h in Headers */,
				0505DF2117BB8B43001F9349 /* SDKUtil.h in Headers */,
				05C303D817C21405004C78C0 /* ComAlfrescoAppceleratorSdkActivityServiceProxy.h in Headers */,
				05C303E517CCA5D4004C78C0 /* ComAlfrescoAppceleratorSdkSearchServiceProxy.h in Headers */,
				05C303EC17CCD01A004C78C0 /* ComAlfrescoAppceleratorSdkListingContextProxy.h in Headers */,
				05C303EE17CCD01A004C78C0 /* ComAlfrescoAppceleratorSdkSiteProxy.h in Headers */,
				05C303F317CF4FB6004C78C0 /* ComAlfrescoAppceleratorSdkKeywordSearchOptionsProxy.h in Headers */,
				05C303FD17D752CE004C78C0 /* ComAlfrescoAppceleratorSdkNodeProxy.h in Headers */,
				05C3040017DF0696004C78C0 /* ComAlfrescoAppceleratorSdkPermissionsProxy.h in Headers */,
				05C3040417DF6C10004C78C0 /* ComAlfrescoAppceleratorSdkActivityProxy.h in Headers */,
				05C3040817E1F49A004C78C0 /* ComAlfrescoAppceleratorSdkCommentServiceProxy.h in Headers */,
				05C3040C17E1FCE8004C78C0 /* ComAlfrescoAppceleratorSdkCommentProxy.h in Headers */,
				05C3041117E6F473004C78C0 /* ComAlfrescoAppceleratorSdkPersonServiceProxy.h in Headers */,
				05C3041517E6F4B6004C78C0 /* ComAlfrescoAppceleratorSdkPersonProxy.h in Headers */,
				05C3041917EAE131004C78C0 /* ComAlfrescoAppceleratorSdkTaggingServiceProxy.h in Headers */,
				05C3041D17EAE3C1004C78C0 /* ComAlfrescoAppceleratorSdkTagProxy.h in Headers */,
				05C304B317F43F98004C78C0 /* AlfrescoActivityEntry.h in Headers */,
				05C304B417F43F98004C78C0 /* AlfrescoActivityStreamService.h in Headers */,
				05C304B517F43F98004C78C0 /* AlfrescoCloudNetwork.h in Headers */,
				05C304B617F43F98004C78C0 /* AlfrescoCloudSession.h in Headers */,
				05C304B717F43F98004C78C0 /* AlfrescoComment.h in Headers */,
				05C304B817F43F98004C78C0 /* AlfrescoCommentService.h in Headers */,
				05C304B917F43F98004C78C0 /* AlfrescoConstants.h in Headers */,
				05C304BA17F43F98004C78C0 /* AlfrescoContent.h in Headers */,
				05C304BB17F43F98004C78C0 /* AlfrescoContentFile.h in Headers */,
				05C304BC17F43F98004C78C0 /* AlfrescoContentStream.h in Headers */,
				05C304BD17F43F98004C78C0 /* AlfrescoDocument.h in Headers */,
				05C304BE17F43F98004C78C0 /* AlfrescoDocumentFolderService.h in Headers */,
				05C304BF17F43F98004C78C0 /* AlfrescoErrors.h in Headers */,
				05C304C017F43F98004C78C0 /* AlfrescoFileManager.h in Headers */,
				05C304C117F43F98004C78C0 /* AlfrescoFolder.h in Headers */,
				05C304C217F43F98004C78C0 /* AlfrescoKeywordSearchOptions.h in Headers */,
				05C304C317F43F98004C78C0 /* AlfrescoListingContext.h in Headers */,
				05C304C417F43F98004C78C0 /* AlfrescoLog.h in Headers */,
				05C304C517F43F98004C78C0 /* AlfrescoNetworkProvider.h in Headers */,
				05C304C617F43F98004C78C0 /* AlfrescoNode.h in Headers */,
				05C304C717F43F98004C78C0 /* AlfrescoOAuthData.h in Headers */,
				05C304C817F43F98004C78C0 /* AlfrescoOAuthHelper.h in Headers */,
				05C304C917F43F98004C78C0 /* AlfrescoOAuthLoginDelegate.h in Headers */,
				05C304CA17F43F98004C78C0 /* AlfrescoOAuthLoginViewController.h in Headers */,
				05C304CB17F43F98004C78C0 /* AlfrescoPagingResult.h in Headers */,
				05C304CC17F43F98004C78C0 /* AlfrescoPermissions.h in Headers */,
				05C304CD17F43F98004C78C0 /* AlfrescoPerson.h in Headers */,
				05C304CE17F43F98004C78C0 /* AlfrescoPersonService.h in Headers */,
				05C304CF17F43F98004C78C0 /* AlfrescoProperty.h in Headers */,
				05C304D017F43F98004C78C0 /* AlfrescoRatingService.h in Headers */,
				05C304D117F43F98004C78C0 /* AlfrescoRepositoryCapabilities.h in Headers */,
				05C304D217F43F98004C78C0 /* AlfrescoRepositoryInfo.h in Headers */,
				05C304D317F43F98004C78C0 /* AlfrescoRepositorySession.h in Headers */,
				05C304D417F43F98004C78C0 /* AlfrescoRequest.h in Headers */,
				05C304D517F43F98004C78C0 /* AlfrescoSearchLanguage.h in Headers */,
				05C304D617F43F98004C78C0 /* AlfrescoSearchService.h in Headers */,
				05C304D717F43F98004C78C0 /* AlfrescoSession.h in Headers */,
				05C304D817F43F98004C78C0 /* AlfrescoSite.h in Headers */,
				05C304D917F43F98004C78C0 /* AlfrescoSiteService.h in Headers */,
				05C304DA17F43F98004C78C0 /* AlfrescoTag.h in Headers */,
				05C304DB17F43F98004C78C0 /* AlfrescoTaggingService.h in Headers */,
				05C304DC17F43F98004C78C0 /* AlfrescoVersionService.h in Headers */,
				05C304DF17F57BCD004C78C0 /* ComAlfrescoAppceleratorSdkVersionServiceProxy.h in Headers */,
			);
			runOnlyForDeploymentPostprocessing = 0;
		};
/* End PBXHeadersBuildPhase section */

/* Begin PBXNativeTarget section */
		D2AAC07D0554694100DB518D /* iOSSDKModule */ = {
			isa = PBXNativeTarget;
			buildConfigurationList = 1DEB921E08733DC00010E9CD /* Build configuration list for PBXNativeTarget "iOSSDKModule" */;
			buildPhases = (
				D2AAC07A0554694100DB518D /* Headers */,
				D2AAC07B0554694100DB518D /* Sources */,
				D2AAC07C0554694100DB518D /* Frameworks */,
			);
			buildRules = (
			);
			dependencies = (
			);
			name = iOSSDKModule;
			productName = iOSSDKModule;
			productReference = D2AAC07E0554694100DB518D /* libComAlfrescoAppceleratorModuleIosSdk.a */;
			productType = "com.apple.product-type.library.static";
		};
/* End PBXNativeTarget section */

/* Begin PBXProject section */
		0867D690FE84028FC02AAC07 /* Project object */ = {
			isa = PBXProject;
			attributes = {
				LastUpgradeCheck = 0500;
			};
			buildConfigurationList = 1DEB922208733DC00010E9CD /* Build configuration list for PBXProject "iOSSDKModule" */;
			compatibilityVersion = "Xcode 3.2";
			developmentRegion = English;
			hasScannedForEncodings = 1;
			knownRegions = (
				English,
				Japanese,
				French,
				German,
			);
			mainGroup = 0867D691FE84028FC02AAC07 /* iOSSDKModule */;
			productRefGroup = 034768DFFF38A50411DB9C8B /* Products */;
			projectDirPath = "";
			projectRoot = "";
			targets = (
				D2AAC07D0554694100DB518D /* iOSSDKModule */,
				24416B8111C4CA220047AFDD /* Build & Test */,
			);
		};
/* End PBXProject section */

/* Begin PBXShellScriptBuildPhase section */
		24416B8011C4CA220047AFDD /* ShellScript */ = {
			isa = PBXShellScriptBuildPhase;
			buildActionMask = 2147483647;
			files = (
			);
			inputPaths = (
			);
			outputPaths = (
			);
			runOnlyForDeploymentPostprocessing = 0;
			shellPath = /bin/sh;
			shellScript = "# shell script goes here\n\npython \"${TITANIUM_SDK}/titanium.py\" run --dir=\"${PROJECT_DIR}\"\nexit $?\n";
		};
/* End PBXShellScriptBuildPhase section */

/* Begin PBXSourcesBuildPhase section */
		D2AAC07B0554694100DB518D /* Sources */ = {
			isa = PBXSourcesBuildPhase;
			buildActionMask = 2147483647;
			files = (
				05AFDCBF175DEB3600E9ABED /* ComAlfrescoAppceleratorSdkDocumentFolderServiceProxy.m in Sources */,
				05AFDCC1175DEB3600E9ABED /* ComAlfrescoAppceleratorSdkRepositorySessionProxy.m in Sources */,
				05AFDCC3175DEB3600E9ABED /* ComAlfrescoAppceleratorSdkRequestProxy.m in Sources */,
				05AFDCC9175DEB3600E9ABED /* ComAlfrescoAppceleratorSdkSessionProxy.m in Sources */,
				05EAFE73177C383D006E0D6F /* ComAlfrescoAppceleratorSdkDocumentProxy.m in Sources */,
				05EAFE75177C383D006E0D6F /* ComAlfrescoAppceleratorSdkFolderProxy.m in Sources */,
				054AA1BF17A13628000D7083 /* ComAlfrescoAppceleratorSdkContentFileProxy.m in Sources */,
				0505DF1D17BB7AE9001F9349 /* ComAlfrescoAppceleratorSdkSiteServiceProxy.m in Sources */,
				0505DF2217BB8B43001F9349 /* SDKUtil.m in Sources */,
				05C303D917C21405004C78C0 /* ComAlfrescoAppceleratorSdkActivityServiceProxy.m in Sources */,
				05C303E617CCA5D4004C78C0 /* ComAlfrescoAppceleratorSdkSearchServiceProxy.m in Sources */,
				05C303ED17CCD01A004C78C0 /* ComAlfrescoAppceleratorSdkListingContextProxy.m in Sources */,
				05C303EF17CCD01A004C78C0 /* ComAlfrescoAppceleratorSdkSiteProxy.m in Sources */,
				05C303F417CF4FB6004C78C0 /* ComAlfrescoAppceleratorSdkKeywordSearchOptionsProxy.m in Sources */,
				05C303FC17D752CE004C78C0 /* ComAlfrescoAppceleratorSdkNodeProxy.m in Sources */,
				05C3040117DF0696004C78C0 /* ComAlfrescoAppceleratorSdkPermissionsProxy.m in Sources */,
				05C3040517DF6C10004C78C0 /* ComAlfrescoAppceleratorSdkActivityProxy.m in Sources */,
				05C3040917E1F49A004C78C0 /* ComAlfrescoAppceleratorSdkCommentServiceProxy.m in Sources */,
				05C3040D17E1FCE8004C78C0 /* ComAlfrescoAppceleratorSdkCommentProxy.m in Sources */,
				05C3041217E6F473004C78C0 /* ComAlfrescoAppceleratorSdkPersonServiceProxy.m in Sources */,
				05C3041617E6F4B6004C78C0 /* ComAlfrescoAppceleratorSdkPersonProxy.m in Sources */,
				05C3041A17EAE131004C78C0 /* ComAlfrescoAppceleratorSdkTaggingServiceProxy.m in Sources */,
				05C3041E17EAE3C1004C78C0 /* ComAlfrescoAppceleratorSdkTagProxy.m in Sources */,
				05C304E017F57BCD004C78C0 /* ComAlfrescoAppceleratorSdkVersionServiceProxy.m in Sources */,
			);
			runOnlyForDeploymentPostprocessing = 0;
		};
/* End PBXSourcesBuildPhase section */

/* Begin PBXTargetDependency section */
		24416B8511C4CA280047AFDD /* PBXTargetDependency */ = {
			isa = PBXTargetDependency;
			target = D2AAC07D0554694100DB518D /* iOSSDKModule */;
			targetProxy = 24416B8411C4CA280047AFDD /* PBXContainerItemProxy */;
		};
/* End PBXTargetDependency section */

/* Begin XCBuildConfiguration section */
		1DEB921F08733DC00010E9CD /* Debug */ = {
			isa = XCBuildConfiguration;
			baseConfigurationReference = 24DD6D1B1134B66800162E58 /* titanium.xcconfig */;
			buildSettings = {
				CODE_SIGN_IDENTITY = "iPhone Developer";
				"CODE_SIGN_IDENTITY[sdk=iphoneos*]" = "iPhone Developer";
				DSTROOT = /tmp/ComAlfrescoAppceleratorModuleIosSdk.dst;
				GCC_C_LANGUAGE_STANDARD = c99;
				GCC_OPTIMIZATION_LEVEL = 0;
				GCC_PRECOMPILE_PREFIX_HEADER = YES;
				GCC_PREFIX_HEADER = ComAlfrescoAppceleratorModuleIosSdk_Prefix.pch;
				GCC_PREPROCESSOR_DEFINITIONS = "TI_VERSION=$(TI_VERSION)";
				GCC_TREAT_WARNINGS_AS_ERRORS = NO;
				GCC_VERSION = "";
				GCC_WARN_ABOUT_RETURN_TYPE = NO;
				GCC_WARN_MISSING_PARENTHESES = NO;
				GCC_WARN_SHADOW = NO;
				GCC_WARN_STRICT_SELECTOR_MATCH = NO;
				GCC_WARN_UNUSED_FUNCTION = YES;
				GCC_WARN_UNUSED_PARAMETER = NO;
				GCC_WARN_UNUSED_VALUE = NO;
				GCC_WARN_UNUSED_VARIABLE = NO;
				INSTALL_PATH = /usr/local/lib;
				LIBRARY_SEARCH_PATHS = (
					"$(inherited)",
					"\"$(SRCROOT)/AlfrescoSDK\"",
					"\"$(SRCROOT)/alfresco-ios-sdk-1.1.0\"",
					"\"$(SRCROOT)/../../../alfresco-ios-sdk/AlfrescoSDK/build/Debug-universal/alfresco-ios-sdk-1.1.0\"",
					"\"$(SRCROOT)\"",
				);
				OTHER_CFLAGS = (
					"-DDEBUG",
					"-DTI_POST_1_2",
				);
				OTHER_LDFLAGS = (
					"-ObjC",
					"\"$(SRCROOT)/libAlfrescoSDKv1.1.0-debug.a\"",
				);
				PRODUCT_NAME = ComAlfrescoAppceleratorModuleIosSdk;
				PROVISIONING_PROFILE = "";
				"PROVISIONING_PROFILE[sdk=iphoneos*]" = "";
				RUN_CLANG_STATIC_ANALYZER = NO;
				SDKROOT = iphoneos;
				USER_HEADER_SEARCH_PATHS = "";
				"WARNING_CFLAGS[arch=*]" = "-Wno-arc-performSelector-leaks";
			};
			name = Debug;
		};
		1DEB922008733DC00010E9CD /* Release */ = {
			isa = XCBuildConfiguration;
			baseConfigurationReference = 24DD6D1B1134B66800162E58 /* titanium.xcconfig */;
			buildSettings = {
				ALWAYS_SEARCH_USER_PATHS = NO;
				DSTROOT = /tmp/ComAlfrescoAppceleratorModuleIosSdk.dst;
				GCC_C_LANGUAGE_STANDARD = c99;
				GCC_MODEL_TUNING = G5;
				GCC_PRECOMPILE_PREFIX_HEADER = YES;
				GCC_PREFIX_HEADER = ComAlfrescoAppceleratorModuleIosSdk_Prefix.pch;
				GCC_PREPROCESSOR_DEFINITIONS = "TI_VERSION=$(TI_VERSION)";
				GCC_TREAT_WARNINGS_AS_ERRORS = NO;
				GCC_VERSION = "";
				GCC_WARN_ABOUT_RETURN_TYPE = NO;
				GCC_WARN_MISSING_PARENTHESES = NO;
				GCC_WARN_SHADOW = NO;
				GCC_WARN_STRICT_SELECTOR_MATCH = NO;
				GCC_WARN_UNUSED_FUNCTION = YES;
				GCC_WARN_UNUSED_PARAMETER = NO;
				GCC_WARN_UNUSED_VALUE = NO;
				GCC_WARN_UNUSED_VARIABLE = NO;
				INSTALL_PATH = /usr/local/lib;
				IPHONEOS_DEPLOYMENT_TARGET = 6.1;
				LIBRARY_SEARCH_PATHS = (
					"$(inherited)",
					"\"$(SRCROOT)/AlfrescoSDK\"",
					"\"$(SRCROOT)/alfresco-ios-sdk-1.1.0\"",
					"\"$(SRCROOT)/../../../alfresco-ios-sdk/AlfrescoSDK/build/Debug-universal/alfresco-ios-sdk-1.1.0\"",
					"\"$(SRCROOT)\"",
				);
				OTHER_CFLAGS = "-DTI_POST_1_2";
				OTHER_LDFLAGS = (
					"-ObjC",
					"\"$(SRCROOT)/libAlfrescoSDKv1.1.0.a\"",
				);
				PRODUCT_NAME = ComAlfrescoAppceleratorModuleIosSdk;
				RUN_CLANG_STATIC_ANALYZER = NO;
				SDKROOT = iphoneos;
				USER_HEADER_SEARCH_PATHS = "";
				"WARNING_CFLAGS[arch=*]" = "-Wno-arc-performSelector-leaks";
			};
			name = Release;
		};
		1DEB922308733DC00010E9CD /* Debug */ = {
			isa = XCBuildConfiguration;
			baseConfigurationReference = 24DD6D1B1134B66800162E58 /* titanium.xcconfig */;
			buildSettings = {
				CLANG_ENABLE_OBJC_ARC = YES;
				CODE_SIGN_IDENTITY = "iPhone Developer";
				"CODE_SIGN_IDENTITY[sdk=iphoneos*]" = "iPhone Developer";
				DSTROOT = /tmp/ComAlfrescoAppceleratorModuleIosSdk.dst;
				GCC_C_LANGUAGE_STANDARD = c99;
				GCC_OPTIMIZATION_LEVEL = 0;
				GCC_PRECOMPILE_PREFIX_HEADER = YES;
				GCC_PREFIX_HEADER = ComAlfrescoAppceleratorModuleIosSdk_Prefix.pch;
				GCC_PREPROCESSOR_DEFINITIONS = "TI_VERSION=$(TI_VERSION)";
				GCC_TREAT_WARNINGS_AS_ERRORS = NO;
				GCC_VERSION = "";
				GCC_WARN_ABOUT_RETURN_TYPE = NO;
				GCC_WARN_MISSING_PARENTHESES = NO;
				GCC_WARN_SHADOW = NO;
				GCC_WARN_STRICT_SELECTOR_MATCH = NO;
				GCC_WARN_UNUSED_FUNCTION = YES;
				GCC_WARN_UNUSED_PARAMETER = NO;
				GCC_WARN_UNUSED_VALUE = NO;
				GCC_WARN_UNUSED_VARIABLE = NO;
				INSTALL_PATH = /usr/local/lib;
				IPHONEOS_DEPLOYMENT_TARGET = 6.1;
				ONLY_ACTIVE_ARCH = YES;
				OTHER_CFLAGS = (
					"-DDEBUG",
					"-DTI_POST_1_2",
				);
				OTHER_LDFLAGS = "-ObjC";
				PRODUCT_NAME = ComAlfrescoAppceleratorModuleIosSdk;
				PROVISIONING_PROFILE = "";
				"PROVISIONING_PROFILE[sdk=iphoneos*]" = "";
				RUN_CLANG_STATIC_ANALYZER = NO;
				SDKROOT = iphoneos;
				USER_HEADER_SEARCH_PATHS = "";
			};
			name = Debug;
		};
		1DEB922408733DC00010E9CD /* Release */ = {
			isa = XCBuildConfiguration;
			baseConfigurationReference = 24DD6D1B1134B66800162E58 /* titanium.xcconfig */;
			buildSettings = {
				ALWAYS_SEARCH_USER_PATHS = NO;
				CLANG_ENABLE_OBJC_ARC = YES;
				DSTROOT = /tmp/ComAlfrescoAppceleratorModuleIosSdk.dst;
				GCC_C_LANGUAGE_STANDARD = c99;
				GCC_MODEL_TUNING = G5;
				GCC_PRECOMPILE_PREFIX_HEADER = YES;
				GCC_PREFIX_HEADER = ComAlfrescoAppceleratorModuleIosSdk_Prefix.pch;
				GCC_PREPROCESSOR_DEFINITIONS = "TI_VERSION=$(TI_VERSION)";
				GCC_TREAT_WARNINGS_AS_ERRORS = NO;
				GCC_VERSION = "";
				GCC_WARN_ABOUT_RETURN_TYPE = NO;
				GCC_WARN_MISSING_PARENTHESES = NO;
				GCC_WARN_SHADOW = NO;
				GCC_WARN_STRICT_SELECTOR_MATCH = NO;
				GCC_WARN_UNUSED_FUNCTION = YES;
				GCC_WARN_UNUSED_PARAMETER = NO;
				GCC_WARN_UNUSED_VALUE = NO;
				GCC_WARN_UNUSED_VARIABLE = NO;
				INSTALL_PATH = /usr/local/lib;
				IPHONEOS_DEPLOYMENT_TARGET = 6.1;
				OTHER_CFLAGS = "-DTI_POST_1_2";
				OTHER_LDFLAGS = "-ObjC";
				PRODUCT_NAME = ComAlfrescoAppceleratorModuleIosSdk;
				RUN_CLANG_STATIC_ANALYZER = NO;
				SDKROOT = iphoneos;
				USER_HEADER_SEARCH_PATHS = "";
			};
			name = Release;
		};
		24416B8211C4CA220047AFDD /* Debug */ = {
			isa = XCBuildConfiguration;
			baseConfigurationReference = 24DD6D1B1134B66800162E58 /* titanium.xcconfig */;
			buildSettings = {
				COPY_PHASE_STRIP = NO;
				GCC_DYNAMIC_NO_PIC = NO;
				GCC_OPTIMIZATION_LEVEL = 0;
				PRODUCT_NAME = "Build & test";
			};
			name = Debug;
		};
		24416B8311C4CA220047AFDD /* Release */ = {
			isa = XCBuildConfiguration;
			baseConfigurationReference = 24DD6D1B1134B66800162E58 /* titanium.xcconfig */;
			buildSettings = {
				COPY_PHASE_STRIP = YES;
				DEBUG_INFORMATION_FORMAT = "dwarf-with-dsym";
				GCC_ENABLE_FIX_AND_CONTINUE = NO;
				PRODUCT_NAME = "Build & test";
				ZERO_LINK = NO;
			};
			name = Release;
		};
/* End XCBuildConfiguration section */

/* Begin XCConfigurationList section */
		1DEB921E08733DC00010E9CD /* Build configuration list for PBXNativeTarget "iOSSDKModule" */ = {
			isa = XCConfigurationList;
			buildConfigurations = (
				1DEB921F08733DC00010E9CD /* Debug */,
				1DEB922008733DC00010E9CD /* Release */,
			);
			defaultConfigurationIsVisible = 0;
			defaultConfigurationName = Release;
		};
		1DEB922208733DC00010E9CD /* Build configuration list for PBXProject "iOSSDKModule" */ = {
			isa = XCConfigurationList;
			buildConfigurations = (
				1DEB922308733DC00010E9CD /* Debug */,
				1DEB922408733DC00010E9CD /* Release */,
			);
			defaultConfigurationIsVisible = 0;
			defaultConfigurationName = Release;
		};
		24416B8A11C4CA520047AFDD /* Build configuration list for PBXAggregateTarget "Build & Test" */ = {
			isa = XCConfigurationList;
			buildConfigurations = (
				24416B8211C4CA220047AFDD /* Debug */,
				24416B8311C4CA220047AFDD /* Release */,
			);
			defaultConfigurationIsVisible = 0;
			defaultConfigurationName = Release;
		};
/* End XCConfigurationList section */
	};
	rootObject = 0867D690FE84028FC02AAC07 /* Project object */;
}
