// !$*UTF8*$!
{
	archiveVersion = 1;
	classes = {
	};
	objectVersion = 46;
	objects = {

/* Begin PBXAggregateTarget section */
		24416B8111C4CA220047AFDD /* Build & Test */ = {
			isa = PBXAggregateTarget;
			buildConfigurationList = 24416B8A11C4CA520047AFDD /* Build configuration list for PBXAggregateTarget "Build & Test" */;
			buildPhases = (
				24416B8011C4CA220047AFDD /* ShellScript */,
			);
			dependencies = (
				24416B8511C4CA280047AFDD /* PBXTargetDependency */,
			);
			name = "Build & Test";
			productName = "Build & test";
		};
/* End PBXAggregateTarget section */

/* Begin PBXBuildFile section */
		0505DF1D17BB7AE9001F9349 /* ComAlfrescoAppceleratorSdkSiteServiceProxy.m in Sources */ = {isa = PBXBuildFile; fileRef = 0505DF1B17BB7AE9001F9349 /* ComAlfrescoAppceleratorSdkSiteServiceProxy.m */; };
		0505DF1E17BB7AE9001F9349 /* ComAlfrescoAppceleratorSdkSiteServiceProxy.h in Headers */ = {isa = PBXBuildFile; fileRef = 0505DF1C17BB7AE9001F9349 /* ComAlfrescoAppceleratorSdkSiteServiceProxy.h */; };
		0505DF2117BB8B43001F9349 /* SDKUtil.h in Headers */ = {isa = PBXBuildFile; fileRef = 0505DF1F17BB8B43001F9349 /* SDKUtil.h */; };
		0505DF2217BB8B43001F9349 /* SDKUtil.m in Sources */ = {isa = PBXBuildFile; fileRef = 0505DF2017BB8B43001F9349 /* SDKUtil.m */; };
		054AA1BE17A13628000D7083 /* ComAlfrescoAppceleratorSdkContentFileProxy.h in Headers */ = {isa = PBXBuildFile; fileRef = 054AA1BC17A130EE000D7083 /* ComAlfrescoAppceleratorSdkContentFileProxy.h */; };
		054AA1BF17A13628000D7083 /* ComAlfrescoAppceleratorSdkContentFileProxy.m in Sources */ = {isa = PBXBuildFile; fileRef = 054AA1BD17A13164000D7083 /* ComAlfrescoAppceleratorSdkContentFileProxy.m */; };
		0579F3941889496600028E8D /* ComAlfrescoAppceleratorSdkRatingServiceProxy.h in Headers */ = {isa = PBXBuildFile; fileRef = 0579F3921889496600028E8D /* ComAlfrescoAppceleratorSdkRatingServiceProxy.h */; };
		0579F3951889496600028E8D /* ComAlfrescoAppceleratorSdkRatingServiceProxy.m in Sources */ = {isa = PBXBuildFile; fileRef = 0579F3931889496600028E8D /* ComAlfrescoAppceleratorSdkRatingServiceProxy.m */; };
		059ED42418DAE7A800F750EB /* ComAlfrescoAppceleratorSdkTaskProxy.h in Headers */ = {isa = PBXBuildFile; fileRef = 059ED42318DAE7A800F750EB /* ComAlfrescoAppceleratorSdkTaskProxy.h */; };
		059ED42618DAE7B300F750EB /* ComAlfrescoAppceleratorSdkTaskProxy.m in Sources */ = {isa = PBXBuildFile; fileRef = 059ED42518DAE7B300F750EB /* ComAlfrescoAppceleratorSdkTaskProxy.m */; };
		059ED42818DAEF7800F750EB /* ComAlfrescoAppceleratorSdkProcessProxy.m in Sources */ = {isa = PBXBuildFile; fileRef = 059ED42718DAEF7800F750EB /* ComAlfrescoAppceleratorSdkProcessProxy.m */; };
		059ED42A18DAEFA100F750EB /* ComAlfrescoAppceleratorSdkProcessProxy.h in Headers */ = {isa = PBXBuildFile; fileRef = 059ED42918DAEFA100F750EB /* ComAlfrescoAppceleratorSdkProcessProxy.h */; };
		059ED42C18DAF18800F750EB /* ComAlfrescoAppceleratorSdkProcessDefinitionProxy.h in Headers */ = {isa = PBXBuildFile; fileRef = 059ED42B18DAF18800F750EB /* ComAlfrescoAppceleratorSdkProcessDefinitionProxy.h */; };
		059ED42E18DAF19300F750EB /* ComAlfrescoAppceleratorSdkProcessDefinitionProxy.m in Sources */ = {isa = PBXBuildFile; fileRef = 059ED42D18DAF19300F750EB /* ComAlfrescoAppceleratorSdkProcessDefinitionProxy.m */; };
		059ED43018DAF33900F750EB /* ComAlfrescoAppceleratorSdkListingFilterProxy.h in Headers */ = {isa = PBXBuildFile; fileRef = 059ED42F18DAF33900F750EB /* ComAlfrescoAppceleratorSdkListingFilterProxy.h */; };
		059ED43218DAF34A00F750EB /* ComAlfrescoAppceleratorSdkListingFilterProxy.m in Sources */ = {isa = PBXBuildFile; fileRef = 059ED43118DAF34A00F750EB /* ComAlfrescoAppceleratorSdkListingFilterProxy.m */; };
		059ED43418DAF60D00F750EB /* ComAlfrescoAppceleratorSdkWorkflowServiceProxy.h in Headers */ = {isa = PBXBuildFile; fileRef = 059ED43318DAF60D00F750EB /* ComAlfrescoAppceleratorSdkWorkflowServiceProxy.h */; };
		059ED43618DAF61C00F750EB /* ComAlfrescoAppceleratorSdkWorkflowServiceProxy.m in Sources */ = {isa = PBXBuildFile; fileRef = 059ED43518DAF61C00F750EB /* ComAlfrescoAppceleratorSdkWorkflowServiceProxy.m */; };
		05AFDCBE175DEB3600E9ABED /* ComAlfrescoAppceleratorSdkDocumentFolderServiceProxy.h in Headers */ = {isa = PBXBuildFile; fileRef = 05AFDCB2175DEB3600E9ABED /* ComAlfrescoAppceleratorSdkDocumentFolderServiceProxy.h */; };
		05AFDCBF175DEB3600E9ABED /* ComAlfrescoAppceleratorSdkDocumentFolderServiceProxy.m in Sources */ = {isa = PBXBuildFile; fileRef = 05AFDCB3175DEB3600E9ABED /* ComAlfrescoAppceleratorSdkDocumentFolderServiceProxy.m */; };
		05AFDCC0175DEB3600E9ABED /* ComAlfrescoAppceleratorSdkRepositorySessionProxy.h in Headers */ = {isa = PBXBuildFile; fileRef = 05AFDCB4175DEB3600E9ABED /* ComAlfrescoAppceleratorSdkRepositorySessionProxy.h */; };
		05AFDCC1175DEB3600E9ABED /* ComAlfrescoAppceleratorSdkRepositorySessionProxy.m in Sources */ = {isa = PBXBuildFile; fileRef = 05AFDCB5175DEB3600E9ABED /* ComAlfrescoAppceleratorSdkRepositorySessionProxy.m */; };
		05AFDCC2175DEB3600E9ABED /* ComAlfrescoAppceleratorSdkRequestProxy.h in Headers */ = {isa = PBXBuildFile; fileRef = 05AFDCB6175DEB3600E9ABED /* ComAlfrescoAppceleratorSdkRequestProxy.h */; };
		05AFDCC3175DEB3600E9ABED /* ComAlfrescoAppceleratorSdkRequestProxy.m in Sources */ = {isa = PBXBuildFile; fileRef = 05AFDCB7175DEB3600E9ABED /* ComAlfrescoAppceleratorSdkRequestProxy.m */; };
		05AFDCC8175DEB3600E9ABED /* ComAlfrescoAppceleratorSdkSessionProxy.h in Headers */ = {isa = PBXBuildFile; fileRef = 05AFDCBC175DEB3600E9ABED /* ComAlfrescoAppceleratorSdkSessionProxy.h */; };
		05AFDCC9175DEB3600E9ABED /* ComAlfrescoAppceleratorSdkSessionProxy.m in Sources */ = {isa = PBXBuildFile; fileRef = 05AFDCBD175DEB3600E9ABED /* ComAlfrescoAppceleratorSdkSessionProxy.m */; };
		05C303D817C21405004C78C0 /* ComAlfrescoAppceleratorSdkActivityServiceProxy.h in Headers */ = {isa = PBXBuildFile; fileRef = 05C303D617C21405004C78C0 /* ComAlfrescoAppceleratorSdkActivityServiceProxy.h */; };
		05C303D917C21405004C78C0 /* ComAlfrescoAppceleratorSdkActivityServiceProxy.m in Sources */ = {isa = PBXBuildFile; fileRef = 05C303D717C21405004C78C0 /* ComAlfrescoAppceleratorSdkActivityServiceProxy.m */; };
		05C303E517CCA5D4004C78C0 /* ComAlfrescoAppceleratorSdkSearchServiceProxy.h in Headers */ = {isa = PBXBuildFile; fileRef = 05C303E317CCA5D4004C78C0 /* ComAlfrescoAppceleratorSdkSearchServiceProxy.h */; };
		05C303E617CCA5D4004C78C0 /* ComAlfrescoAppceleratorSdkSearchServiceProxy.m in Sources */ = {isa = PBXBuildFile; fileRef = 05C303E417CCA5D4004C78C0 /* ComAlfrescoAppceleratorSdkSearchServiceProxy.m */; };
		05C303EC17CCD01A004C78C0 /* ComAlfrescoAppceleratorSdkListingContextProxy.h in Headers */ = {isa = PBXBuildFile; fileRef = 05C303E817CCD01A004C78C0 /* ComAlfrescoAppceleratorSdkListingContextProxy.h */; };
		05C303ED17CCD01A004C78C0 /* ComAlfrescoAppceleratorSdkListingContextProxy.m in Sources */ = {isa = PBXBuildFile; fileRef = 05C303E917CCD01A004C78C0 /* ComAlfrescoAppceleratorSdkListingContextProxy.m */; };
		05C303EE17CCD01A004C78C0 /* ComAlfrescoAppceleratorSdkSiteProxy.h in Headers */ = {isa = PBXBuildFile; fileRef = 05C303EA17CCD01A004C78C0 /* ComAlfrescoAppceleratorSdkSiteProxy.h */; };
		05C303EF17CCD01A004C78C0 /* ComAlfrescoAppceleratorSdkSiteProxy.m in Sources */ = {isa = PBXBuildFile; fileRef = 05C303EB17CCD01A004C78C0 /* ComAlfrescoAppceleratorSdkSiteProxy.m */; };
		05C303F317CF4FB6004C78C0 /* ComAlfrescoAppceleratorSdkKeywordSearchOptionsProxy.h in Headers */ = {isa = PBXBuildFile; fileRef = 05C303F117CF4FB5004C78C0 /* ComAlfrescoAppceleratorSdkKeywordSearchOptionsProxy.h */; };
		05C303F417CF4FB6004C78C0 /* ComAlfrescoAppceleratorSdkKeywordSearchOptionsProxy.m in Sources */ = {isa = PBXBuildFile; fileRef = 05C303F217CF4FB6004C78C0 /* ComAlfrescoAppceleratorSdkKeywordSearchOptionsProxy.m */; };
		05C303FC17D752CE004C78C0 /* ComAlfrescoAppceleratorSdkNodeProxy.m in Sources */ = {isa = PBXBuildFile; fileRef = 05C303FA17D752CE004C78C0 /* ComAlfrescoAppceleratorSdkNodeProxy.m */; };
		05C303FD17D752CE004C78C0 /* ComAlfrescoAppceleratorSdkNodeProxy.h in Headers */ = {isa = PBXBuildFile; fileRef = 05C303FB17D752CE004C78C0 /* ComAlfrescoAppceleratorSdkNodeProxy.h */; };
		05C3040017DF0696004C78C0 /* ComAlfrescoAppceleratorSdkPermissionsProxy.h in Headers */ = {isa = PBXBuildFile; fileRef = 05C303FE17DF0696004C78C0 /* ComAlfrescoAppceleratorSdkPermissionsProxy.h */; };
		05C3040117DF0696004C78C0 /* ComAlfrescoAppceleratorSdkPermissionsProxy.m in Sources */ = {isa = PBXBuildFile; fileRef = 05C303FF17DF0696004C78C0 /* ComAlfrescoAppceleratorSdkPermissionsProxy.m */; };
		05C3040417DF6C10004C78C0 /* ComAlfrescoAppceleratorSdkActivityProxy.h in Headers */ = {isa = PBXBuildFile; fileRef = 05C3040217DF6C0F004C78C0 /* ComAlfrescoAppceleratorSdkActivityProxy.h */; };
		05C3040517DF6C10004C78C0 /* ComAlfrescoAppceleratorSdkActivityProxy.m in Sources */ = {isa = PBXBuildFile; fileRef = 05C3040317DF6C0F004C78C0 /* ComAlfrescoAppceleratorSdkActivityProxy.m */; };
		05C3040817E1F49A004C78C0 /* ComAlfrescoAppceleratorSdkCommentServiceProxy.h in Headers */ = {isa = PBXBuildFile; fileRef = 05C3040617E1F499004C78C0 /* ComAlfrescoAppceleratorSdkCommentServiceProxy.h */; };
		05C3040917E1F49A004C78C0 /* ComAlfrescoAppceleratorSdkCommentServiceProxy.m in Sources */ = {isa = PBXBuildFile; fileRef = 05C3040717E1F49A004C78C0 /* ComAlfrescoAppceleratorSdkCommentServiceProxy.m */; };
		05C3040C17E1FCE8004C78C0 /* ComAlfrescoAppceleratorSdkCommentProxy.h in Headers */ = {isa = PBXBuildFile; fileRef = 05C3040A17E1FCE7004C78C0 /* ComAlfrescoAppceleratorSdkCommentProxy.h */; };
		05C3040D17E1FCE8004C78C0 /* ComAlfrescoAppceleratorSdkCommentProxy.m in Sources */ = {isa = PBXBuildFile; fileRef = 05C3040B17E1FCE8004C78C0 /* ComAlfrescoAppceleratorSdkCommentProxy.m */; };
		05C3041117E6F473004C78C0 /* ComAlfrescoAppceleratorSdkPersonServiceProxy.h in Headers */ = {isa = PBXBuildFile; fileRef = 05C3040F17E6F472004C78C0 /* ComAlfrescoAppceleratorSdkPersonServiceProxy.h */; };
		05C3041217E6F473004C78C0 /* ComAlfrescoAppceleratorSdkPersonServiceProxy.m in Sources */ = {isa = PBXBuildFile; fileRef = 05C3041017E6F472004C78C0 /* ComAlfrescoAppceleratorSdkPersonServiceProxy.m */; };
		05C3041517E6F4B6004C78C0 /* ComAlfrescoAppceleratorSdkPersonProxy.h in Headers */ = {isa = PBXBuildFile; fileRef = 05C3041317E6F4B5004C78C0 /* ComAlfrescoAppceleratorSdkPersonProxy.h */; };
		05C3041617E6F4B6004C78C0 /* ComAlfrescoAppceleratorSdkPersonProxy.m in Sources */ = {isa = PBXBuildFile; fileRef = 05C3041417E6F4B5004C78C0 /* ComAlfrescoAppceleratorSdkPersonProxy.m */; };
		05C3041917EAE131004C78C0 /* ComAlfrescoAppceleratorSdkTaggingServiceProxy.h in Headers */ = {isa = PBXBuildFile; fileRef = 05C3041717EAE12F004C78C0 /* ComAlfrescoAppceleratorSdkTaggingServiceProxy.h */; };
		05C3041A17EAE131004C78C0 /* ComAlfrescoAppceleratorSdkTaggingServiceProxy.m in Sources */ = {isa = PBXBuildFile; fileRef = 05C3041817EAE130004C78C0 /* ComAlfrescoAppceleratorSdkTaggingServiceProxy.m */; };
		05C3041D17EAE3C1004C78C0 /* ComAlfrescoAppceleratorSdkTagProxy.h in Headers */ = {isa = PBXBuildFile; fileRef = 05C3041B17EAE3BF004C78C0 /* ComAlfrescoAppceleratorSdkTagProxy.h */; };
		05C3041E17EAE3C1004C78C0 /* ComAlfrescoAppceleratorSdkTagProxy.m in Sources */ = {isa = PBXBuildFile; fileRef = 05C3041C17EAE3C0004C78C0 /* ComAlfrescoAppceleratorSdkTagProxy.m */; };
		05C304DF17F57BCD004C78C0 /* ComAlfrescoAppceleratorSdkVersionServiceProxy.h in Headers */ = {isa = PBXBuildFile; fileRef = 05C304DD17F57BCC004C78C0 /* ComAlfrescoAppceleratorSdkVersionServiceProxy.h */; };
		05C304E017F57BCD004C78C0 /* ComAlfrescoAppceleratorSdkVersionServiceProxy.m in Sources */ = {isa = PBXBuildFile; fileRef = 05C304DE17F57BCC004C78C0 /* ComAlfrescoAppceleratorSdkVersionServiceProxy.m */; };
		05D3D390189FC19D008B2401 /* ComAlfrescoAppceleratorSdkCloudSessionProxy.h in Headers */ = {isa = PBXBuildFile; fileRef = 05D3D38F189FC19D008B2401 /* ComAlfrescoAppceleratorSdkCloudSessionProxy.h */; };
		05D3D392189FC1EF008B2401 /* ComAlfrescoAppceleratorSdkCloudSessionProxy.m in Sources */ = {isa = PBXBuildFile; fileRef = 05D3D391189FC1EF008B2401 /* ComAlfrescoAppceleratorSdkCloudSessionProxy.m */; };
		05D3D39418A0ED4B008B2401 /* ComAlfrescoAppceleratorSdkOAuthDataProxy.h in Headers */ = {isa = PBXBuildFile; fileRef = 05D3D39318A0ED4B008B2401 /* ComAlfrescoAppceleratorSdkOAuthDataProxy.h */; };
		05D3D39618A0ED5F008B2401 /* ComAlfrescoAppceleratorSdkOAuthDataProxy.m in Sources */ = {isa = PBXBuildFile; fileRef = 05D3D39518A0ED5F008B2401 /* ComAlfrescoAppceleratorSdkOAuthDataProxy.m */; };
		05EAFE72177C383D006E0D6F /* ComAlfrescoAppceleratorSdkDocumentProxy.h in Headers */ = {isa = PBXBuildFile; fileRef = 05EAFE6E177C383D006E0D6F /* ComAlfrescoAppceleratorSdkDocumentProxy.h */; };
		05EAFE73177C383D006E0D6F /* ComAlfrescoAppceleratorSdkDocumentProxy.m in Sources */ = {isa = PBXBuildFile; fileRef = 05EAFE6F177C383D006E0D6F /* ComAlfrescoAppceleratorSdkDocumentProxy.m */; };
		05EAFE74177C383D006E0D6F /* ComAlfrescoAppceleratorSdkFolderProxy.h in Headers */ = {isa = PBXBuildFile; fileRef = 05EAFE70177C383D006E0D6F /* ComAlfrescoAppceleratorSdkFolderProxy.h */; };
		05EAFE75177C383D006E0D6F /* ComAlfrescoAppceleratorSdkFolderProxy.m in Sources */ = {isa = PBXBuildFile; fileRef = 05EAFE71177C383D006E0D6F /* ComAlfrescoAppceleratorSdkFolderProxy.m */; };
		05FF391A1806DF2500900AE4 /* ComAlfrescoAppceleratorModuleSdkModule.h in Headers */ = {isa = PBXBuildFile; fileRef = 05FF39161806DF2500900AE4 /* ComAlfrescoAppceleratorModuleSdkModule.h */; };
		05FF391B1806DF2500900AE4 /* ComAlfrescoAppceleratorModuleSdkModule.m in Sources */ = {isa = PBXBuildFile; fileRef = 05FF39171806DF2500900AE4 /* ComAlfrescoAppceleratorModuleSdkModule.m */; };
		05FF391C1806DF2500900AE4 /* ComAlfrescoAppceleratorModuleSdkModuleAssets.m in Sources */ = {isa = PBXBuildFile; fileRef = 05FF39181806DF2500900AE4 /* ComAlfrescoAppceleratorModuleSdkModuleAssets.m */; };
		05FF391D1806DF2500900AE4 /* ComAlfrescoAppceleratorModuleSdkModuleAssets.h in Headers */ = {isa = PBXBuildFile; fileRef = 05FF39191806DF2500900AE4 /* ComAlfrescoAppceleratorModuleSdkModuleAssets.h */; };
		AA747D9F0F9514B9006C5449 /* ComAlfrescoAppceleratorModuleiOSSdk_Prefix.pch in Headers */ = {isa = PBXBuildFile; fileRef = AA747D9E0F9514B9006C5449 /* ComAlfrescoAppceleratorModuleiOSSdk_Prefix.pch */; };
		AACBBE4A0F95108600F1A2B1 /* Foundation.framework in Frameworks */ = {isa = PBXBuildFile; fileRef = AACBBE490F95108600F1A2B1 /* Foundation.framework */; settings = {ATTRIBUTES = (Required, ); }; };
/* End PBXBuildFile section */

/* Begin PBXContainerItemProxy section */
		24416B8411C4CA280047AFDD /* PBXContainerItemProxy */ = {
			isa = PBXContainerItemProxy;
			containerPortal = 0867D690FE84028FC02AAC07 /* Project object */;
			proxyType = 1;
			remoteGlobalIDString = D2AAC07D0554694100DB518D;
			remoteInfo = iOSSDKModule;
		};
/* End PBXContainerItemProxy section */

/* Begin PBXFileReference section */
		0505DF1B17BB7AE9001F9349 /* ComAlfrescoAppceleratorSdkSiteServiceProxy.m */ = {isa = PBXFileReference; fileEncoding = 4; lastKnownFileType = sourcecode.c.objc; name = ComAlfrescoAppceleratorSdkSiteServiceProxy.m; path = Classes/ComAlfrescoAppceleratorSdkSiteServiceProxy.m; sourceTree = "<group>"; };
		0505DF1C17BB7AE9001F9349 /* ComAlfrescoAppceleratorSdkSiteServiceProxy.h */ = {isa = PBXFileReference; fileEncoding = 4; lastKnownFileType = sourcecode.c.h; name = ComAlfrescoAppceleratorSdkSiteServiceProxy.h; path = Classes/ComAlfrescoAppceleratorSdkSiteServiceProxy.h; sourceTree = "<group>"; };
		0505DF1F17BB8B43001F9349 /* SDKUtil.h */ = {isa = PBXFileReference; fileEncoding = 4; lastKnownFileType = sourcecode.c.h; name = SDKUtil.h; path = Classes/SDKUtil.h; sourceTree = "<group>"; };
		0505DF2017BB8B43001F9349 /* SDKUtil.m */ = {isa = PBXFileReference; fileEncoding = 4; lastKnownFileType = sourcecode.c.objc; name = SDKUtil.m; path = Classes/SDKUtil.m; sourceTree = "<group>"; };
		054AA1BC17A130EE000D7083 /* ComAlfrescoAppceleratorSdkContentFileProxy.h */ = {isa = PBXFileReference; fileEncoding = 4; lastKnownFileType = sourcecode.c.h; name = ComAlfrescoAppceleratorSdkContentFileProxy.h; path = Classes/ComAlfrescoAppceleratorSdkContentFileProxy.h; sourceTree = "<group>"; };
		054AA1BD17A13164000D7083 /* ComAlfrescoAppceleratorSdkContentFileProxy.m */ = {isa = PBXFileReference; fileEncoding = 4; lastKnownFileType = sourcecode.c.objc; name = ComAlfrescoAppceleratorSdkContentFileProxy.m; path = Classes/ComAlfrescoAppceleratorSdkContentFileProxy.m; sourceTree = "<group>"; };
		0579F3921889496600028E8D /* ComAlfrescoAppceleratorSdkRatingServiceProxy.h */ = {isa = PBXFileReference; fileEncoding = 4; lastKnownFileType = sourcecode.c.h; name = ComAlfrescoAppceleratorSdkRatingServiceProxy.h; path = Classes/ComAlfrescoAppceleratorSdkRatingServiceProxy.h; sourceTree = "<group>"; };
		0579F3931889496600028E8D /* ComAlfrescoAppceleratorSdkRatingServiceProxy.m */ = {isa = PBXFileReference; fileEncoding = 4; lastKnownFileType = sourcecode.c.objc; name = ComAlfrescoAppceleratorSdkRatingServiceProxy.m; path = Classes/ComAlfrescoAppceleratorSdkRatingServiceProxy.m; sourceTree = "<group>"; };
		058F6D1B180802EE002E6B83 /* DocumentationIndex.markdown */ = {isa = PBXFileReference; fileEncoding = 4; lastKnownFileType = text; path = DocumentationIndex.markdown; sourceTree = "<group>"; };
		059ED42218D4802500F750EB /* AlfrescoSDK */ = {isa = PBXFileReference; lastKnownFileType = folder; path = AlfrescoSDK; sourceTree = "<group>"; };
		059ED42318DAE7A800F750EB /* ComAlfrescoAppceleratorSdkTaskProxy.h */ = {isa = PBXFileReference; fileEncoding = 4; lastKnownFileType = sourcecode.c.h; name = ComAlfrescoAppceleratorSdkTaskProxy.h; path = Classes/ComAlfrescoAppceleratorSdkTaskProxy.h; sourceTree = "<group>"; };
		059ED42518DAE7B300F750EB /* ComAlfrescoAppceleratorSdkTaskProxy.m */ = {isa = PBXFileReference; fileEncoding = 4; lastKnownFileType = sourcecode.c.objc; name = ComAlfrescoAppceleratorSdkTaskProxy.m; path = Classes/ComAlfrescoAppceleratorSdkTaskProxy.m; sourceTree = "<group>"; };
		059ED42718DAEF7800F750EB /* ComAlfrescoAppceleratorSdkProcessProxy.m */ = {isa = PBXFileReference; fileEncoding = 4; lastKnownFileType = sourcecode.c.objc; name = ComAlfrescoAppceleratorSdkProcessProxy.m; path = Classes/ComAlfrescoAppceleratorSdkProcessProxy.m; sourceTree = "<group>"; };
		059ED42918DAEFA100F750EB /* ComAlfrescoAppceleratorSdkProcessProxy.h */ = {isa = PBXFileReference; fileEncoding = 4; lastKnownFileType = sourcecode.c.h; name = ComAlfrescoAppceleratorSdkProcessProxy.h; path = Classes/ComAlfrescoAppceleratorSdkProcessProxy.h; sourceTree = "<group>"; };
		059ED42B18DAF18800F750EB /* ComAlfrescoAppceleratorSdkProcessDefinitionProxy.h */ = {isa = PBXFileReference; fileEncoding = 4; lastKnownFileType = sourcecode.c.h; name = ComAlfrescoAppceleratorSdkProcessDefinitionProxy.h; path = Classes/ComAlfrescoAppceleratorSdkProcessDefinitionProxy.h; sourceTree = "<group>"; };
		059ED42D18DAF19300F750EB /* ComAlfrescoAppceleratorSdkProcessDefinitionProxy.m */ = {isa = PBXFileReference; fileEncoding = 4; lastKnownFileType = sourcecode.c.objc; name = ComAlfrescoAppceleratorSdkProcessDefinitionProxy.m; path = Classes/ComAlfrescoAppceleratorSdkProcessDefinitionProxy.m; sourceTree = "<group>"; };
		059ED42F18DAF33900F750EB /* ComAlfrescoAppceleratorSdkListingFilterProxy.h */ = {isa = PBXFileReference; fileEncoding = 4; lastKnownFileType = sourcecode.c.h; name = ComAlfrescoAppceleratorSdkListingFilterProxy.h; path = Classes/ComAlfrescoAppceleratorSdkListingFilterProxy.h; sourceTree = "<group>"; };
		059ED43118DAF34A00F750EB /* ComAlfrescoAppceleratorSdkListingFilterProxy.m */ = {isa = PBXFileReference; fileEncoding = 4; lastKnownFileType = sourcecode.c.objc; name = ComAlfrescoAppceleratorSdkListingFilterProxy.m; path = Classes/ComAlfrescoAppceleratorSdkListingFilterProxy.m; sourceTree = "<group>"; };
		059ED43318DAF60D00F750EB /* ComAlfrescoAppceleratorSdkWorkflowServiceProxy.h */ = {isa = PBXFileReference; fileEncoding = 4; lastKnownFileType = sourcecode.c.h; name = ComAlfrescoAppceleratorSdkWorkflowServiceProxy.h; path = Classes/ComAlfrescoAppceleratorSdkWorkflowServiceProxy.h; sourceTree = "<group>"; };
		059ED43518DAF61C00F750EB /* ComAlfrescoAppceleratorSdkWorkflowServiceProxy.m */ = {isa = PBXFileReference; fileEncoding = 4; lastKnownFileType = sourcecode.c.objc; name = ComAlfrescoAppceleratorSdkWorkflowServiceProxy.m; path = Classes/ComAlfrescoAppceleratorSdkWorkflowServiceProxy.m; sourceTree = "<group>"; };
		05AFDCB2175DEB3600E9ABED /* ComAlfrescoAppceleratorSdkDocumentFolderServiceProxy.h */ = {isa = PBXFileReference; fileEncoding = 4; lastKnownFileType = sourcecode.c.h; name = ComAlfrescoAppceleratorSdkDocumentFolderServiceProxy.h; path = Classes/ComAlfrescoAppceleratorSdkDocumentFolderServiceProxy.h; sourceTree = "<group>"; };
		05AFDCB3175DEB3600E9ABED /* ComAlfrescoAppceleratorSdkDocumentFolderServiceProxy.m */ = {isa = PBXFileReference; fileEncoding = 4; lastKnownFileType = sourcecode.c.objc; name = ComAlfrescoAppceleratorSdkDocumentFolderServiceProxy.m; path = Classes/ComAlfrescoAppceleratorSdkDocumentFolderServiceProxy.m; sourceTree = "<group>"; };
		05AFDCB4175DEB3600E9ABED /* ComAlfrescoAppceleratorSdkRepositorySessionProxy.h */ = {isa = PBXFileReference; fileEncoding = 4; lastKnownFileType = sourcecode.c.h; name = ComAlfrescoAppceleratorSdkRepositorySessionProxy.h; path = Classes/ComAlfrescoAppceleratorSdkRepositorySessionProxy.h; sourceTree = "<group>"; };
		05AFDCB5175DEB3600E9ABED /* ComAlfrescoAppceleratorSdkRepositorySessionProxy.m */ = {isa = PBXFileReference; fileEncoding = 4; lastKnownFileType = sourcecode.c.objc; name = ComAlfrescoAppceleratorSdkRepositorySessionProxy.m; path = Classes/ComAlfrescoAppceleratorSdkRepositorySessionProxy.m; sourceTree = "<group>"; };
		05AFDCB6175DEB3600E9ABED /* ComAlfrescoAppceleratorSdkRequestProxy.h */ = {isa = PBXFileReference; fileEncoding = 4; lastKnownFileType = sourcecode.c.h; name = ComAlfrescoAppceleratorSdkRequestProxy.h; path = Classes/ComAlfrescoAppceleratorSdkRequestProxy.h; sourceTree = "<group>"; };
		05AFDCB7175DEB3600E9ABED /* ComAlfrescoAppceleratorSdkRequestProxy.m */ = {isa = PBXFileReference; fileEncoding = 4; lastKnownFileType = sourcecode.c.objc; name = ComAlfrescoAppceleratorSdkRequestProxy.m; path = Classes/ComAlfrescoAppceleratorSdkRequestProxy.m; sourceTree = "<group>"; };
		05AFDCBC175DEB3600E9ABED /* ComAlfrescoAppceleratorSdkSessionProxy.h */ = {isa = PBXFileReference; fileEncoding = 4; lastKnownFileType = sourcecode.c.h; name = ComAlfrescoAppceleratorSdkSessionProxy.h; path = Classes/ComAlfrescoAppceleratorSdkSessionProxy.h; sourceTree = "<group>"; };
		05AFDCBD175DEB3600E9ABED /* ComAlfrescoAppceleratorSdkSessionProxy.m */ = {isa = PBXFileReference; fileEncoding = 4; lastKnownFileType = sourcecode.c.objc; name = ComAlfrescoAppceleratorSdkSessionProxy.m; path = Classes/ComAlfrescoAppceleratorSdkSessionProxy.m; sourceTree = "<group>"; };
		05C303D617C21405004C78C0 /* ComAlfrescoAppceleratorSdkActivityServiceProxy.h */ = {isa = PBXFileReference; fileEncoding = 4; lastKnownFileType = sourcecode.c.h; name = ComAlfrescoAppceleratorSdkActivityServiceProxy.h; path = Classes/ComAlfrescoAppceleratorSdkActivityServiceProxy.h; sourceTree = "<group>"; };
		05C303D717C21405004C78C0 /* ComAlfrescoAppceleratorSdkActivityServiceProxy.m */ = {isa = PBXFileReference; fileEncoding = 4; lastKnownFileType = sourcecode.c.objc; name = ComAlfrescoAppceleratorSdkActivityServiceProxy.m; path = Classes/ComAlfrescoAppceleratorSdkActivityServiceProxy.m; sourceTree = "<group>"; };
		05C303E317CCA5D4004C78C0 /* ComAlfrescoAppceleratorSdkSearchServiceProxy.h */ = {isa = PBXFileReference; fileEncoding = 4; lastKnownFileType = sourcecode.c.h; name = ComAlfrescoAppceleratorSdkSearchServiceProxy.h; path = Classes/ComAlfrescoAppceleratorSdkSearchServiceProxy.h; sourceTree = "<group>"; };
		05C303E417CCA5D4004C78C0 /* ComAlfrescoAppceleratorSdkSearchServiceProxy.m */ = {isa = PBXFileReference; fileEncoding = 4; lastKnownFileType = sourcecode.c.objc; name = ComAlfrescoAppceleratorSdkSearchServiceProxy.m; path = Classes/ComAlfrescoAppceleratorSdkSearchServiceProxy.m; sourceTree = "<group>"; };
		05C303E817CCD01A004C78C0 /* ComAlfrescoAppceleratorSdkListingContextProxy.h */ = {isa = PBXFileReference; fileEncoding = 4; lastKnownFileType = sourcecode.c.h; name = ComAlfrescoAppceleratorSdkListingContextProxy.h; path = Classes/ComAlfrescoAppceleratorSdkListingContextProxy.h; sourceTree = "<group>"; };
		05C303E917CCD01A004C78C0 /* ComAlfrescoAppceleratorSdkListingContextProxy.m */ = {isa = PBXFileReference; fileEncoding = 4; lastKnownFileType = sourcecode.c.objc; name = ComAlfrescoAppceleratorSdkListingContextProxy.m; path = Classes/ComAlfrescoAppceleratorSdkListingContextProxy.m; sourceTree = "<group>"; };
		05C303EA17CCD01A004C78C0 /* ComAlfrescoAppceleratorSdkSiteProxy.h */ = {isa = PBXFileReference; fileEncoding = 4; lastKnownFileType = sourcecode.c.h; name = ComAlfrescoAppceleratorSdkSiteProxy.h; path = Classes/ComAlfrescoAppceleratorSdkSiteProxy.h; sourceTree = "<group>"; };
		05C303EB17CCD01A004C78C0 /* ComAlfrescoAppceleratorSdkSiteProxy.m */ = {isa = PBXFileReference; fileEncoding = 4; lastKnownFileType = sourcecode.c.objc; name = ComAlfrescoAppceleratorSdkSiteProxy.m; path = Classes/ComAlfrescoAppceleratorSdkSiteProxy.m; sourceTree = "<group>"; };
		05C303F117CF4FB5004C78C0 /* ComAlfrescoAppceleratorSdkKeywordSearchOptionsProxy.h */ = {isa = PBXFileReference; fileEncoding = 4; lastKnownFileType = sourcecode.c.h; name = ComAlfrescoAppceleratorSdkKeywordSearchOptionsProxy.h; path = Classes/ComAlfrescoAppceleratorSdkKeywordSearchOptionsProxy.h; sourceTree = "<group>"; };
		05C303F217CF4FB6004C78C0 /* ComAlfrescoAppceleratorSdkKeywordSearchOptionsProxy.m */ = {isa = PBXFileReference; fileEncoding = 4; lastKnownFileType = sourcecode.c.objc; name = ComAlfrescoAppceleratorSdkKeywordSearchOptionsProxy.m; path = Classes/ComAlfrescoAppceleratorSdkKeywordSearchOptionsProxy.m; sourceTree = "<group>"; };
		05C303FA17D752CE004C78C0 /* ComAlfrescoAppceleratorSdkNodeProxy.m */ = {isa = PBXFileReference; fileEncoding = 4; lastKnownFileType = sourcecode.c.objc; name = ComAlfrescoAppceleratorSdkNodeProxy.m; path = Classes/ComAlfrescoAppceleratorSdkNodeProxy.m; sourceTree = "<group>"; };
		05C303FB17D752CE004C78C0 /* ComAlfrescoAppceleratorSdkNodeProxy.h */ = {isa = PBXFileReference; fileEncoding = 4; lastKnownFileType = sourcecode.c.h; name = ComAlfrescoAppceleratorSdkNodeProxy.h; path = Classes/ComAlfrescoAppceleratorSdkNodeProxy.h; sourceTree = "<group>"; };
		05C303FE17DF0696004C78C0 /* ComAlfrescoAppceleratorSdkPermissionsProxy.h */ = {isa = PBXFileReference; fileEncoding = 4; lastKnownFileType = sourcecode.c.h; name = ComAlfrescoAppceleratorSdkPermissionsProxy.h; path = Classes/ComAlfrescoAppceleratorSdkPermissionsProxy.h; sourceTree = "<group>"; };
		05C303FF17DF0696004C78C0 /* ComAlfrescoAppceleratorSdkPermissionsProxy.m */ = {isa = PBXFileReference; fileEncoding = 4; lastKnownFileType = sourcecode.c.objc; name = ComAlfrescoAppceleratorSdkPermissionsProxy.m; path = Classes/ComAlfrescoAppceleratorSdkPermissionsProxy.m; sourceTree = "<group>"; };
		05C3040217DF6C0F004C78C0 /* ComAlfrescoAppceleratorSdkActivityProxy.h */ = {isa = PBXFileReference; fileEncoding = 4; lastKnownFileType = sourcecode.c.h; name = ComAlfrescoAppceleratorSdkActivityProxy.h; path = Classes/ComAlfrescoAppceleratorSdkActivityProxy.h; sourceTree = "<group>"; };
		05C3040317DF6C0F004C78C0 /* ComAlfrescoAppceleratorSdkActivityProxy.m */ = {isa = PBXFileReference; fileEncoding = 4; lastKnownFileType = sourcecode.c.objc; name = ComAlfrescoAppceleratorSdkActivityProxy.m; path = Classes/ComAlfrescoAppceleratorSdkActivityProxy.m; sourceTree = "<group>"; };
		05C3040617E1F499004C78C0 /* ComAlfrescoAppceleratorSdkCommentServiceProxy.h */ = {isa = PBXFileReference; fileEncoding = 4; lastKnownFileType = sourcecode.c.h; name = ComAlfrescoAppceleratorSdkCommentServiceProxy.h; path = Classes/ComAlfrescoAppceleratorSdkCommentServiceProxy.h; sourceTree = "<group>"; };
		05C3040717E1F49A004C78C0 /* ComAlfrescoAppceleratorSdkCommentServiceProxy.m */ = {isa = PBXFileReference; fileEncoding = 4; lastKnownFileType = sourcecode.c.objc; name = ComAlfrescoAppceleratorSdkCommentServiceProxy.m; path = Classes/ComAlfrescoAppceleratorSdkCommentServiceProxy.m; sourceTree = "<group>"; };
		05C3040A17E1FCE7004C78C0 /* ComAlfrescoAppceleratorSdkCommentProxy.h */ = {isa = PBXFileReference; fileEncoding = 4; lastKnownFileType = sourcecode.c.h; name = ComAlfrescoAppceleratorSdkCommentProxy.h; path = Classes/ComAlfrescoAppceleratorSdkCommentProxy.h; sourceTree = "<group>"; };
		05C3040B17E1FCE8004C78C0 /* ComAlfrescoAppceleratorSdkCommentProxy.m */ = {isa = PBXFileReference; fileEncoding = 4; lastKnownFileType = sourcecode.c.objc; name = ComAlfrescoAppceleratorSdkCommentProxy.m; path = Classes/ComAlfrescoAppceleratorSdkCommentProxy.m; sourceTree = "<group>"; };
		05C3040F17E6F472004C78C0 /* ComAlfrescoAppceleratorSdkPersonServiceProxy.h */ = {isa = PBXFileReference; fileEncoding = 4; lastKnownFileType = sourcecode.c.h; name = ComAlfrescoAppceleratorSdkPersonServiceProxy.h; path = Classes/ComAlfrescoAppceleratorSdkPersonServiceProxy.h; sourceTree = "<group>"; };
		05C3041017E6F472004C78C0 /* ComAlfrescoAppceleratorSdkPersonServiceProxy.m */ = {isa = PBXFileReference; fileEncoding = 4; lastKnownFileType = sourcecode.c.objc; name = ComAlfrescoAppceleratorSdkPersonServiceProxy.m; path = Classes/ComAlfrescoAppceleratorSdkPersonServiceProxy.m; sourceTree = "<group>"; };
		05C3041317E6F4B5004C78C0 /* ComAlfrescoAppceleratorSdkPersonProxy.h */ = {isa = PBXFileReference; fileEncoding = 4; lastKnownFileType = sourcecode.c.h; name = ComAlfrescoAppceleratorSdkPersonProxy.h; path = Classes/ComAlfrescoAppceleratorSdkPersonProxy.h; sourceTree = "<group>"; };
		05C3041417E6F4B5004C78C0 /* ComAlfrescoAppceleratorSdkPersonProxy.m */ = {isa = PBXFileReference; fileEncoding = 4; lastKnownFileType = sourcecode.c.objc; name = ComAlfrescoAppceleratorSdkPersonProxy.m; path = Classes/ComAlfrescoAppceleratorSdkPersonProxy.m; sourceTree = "<group>"; };
		05C3041717EAE12F004C78C0 /* ComAlfrescoAppceleratorSdkTaggingServiceProxy.h */ = {isa = PBXFileReference; fileEncoding = 4; lastKnownFileType = sourcecode.c.h; name = ComAlfrescoAppceleratorSdkTaggingServiceProxy.h; path = Classes/ComAlfrescoAppceleratorSdkTaggingServiceProxy.h; sourceTree = "<group>"; };
		05C3041817EAE130004C78C0 /* ComAlfrescoAppceleratorSdkTaggingServiceProxy.m */ = {isa = PBXFileReference; fileEncoding = 4; lastKnownFileType = sourcecode.c.objc; name = ComAlfrescoAppceleratorSdkTaggingServiceProxy.m; path = Classes/ComAlfrescoAppceleratorSdkTaggingServiceProxy.m; sourceTree = "<group>"; };
		05C3041B17EAE3BF004C78C0 /* ComAlfrescoAppceleratorSdkTagProxy.h */ = {isa = PBXFileReference; fileEncoding = 4; lastKnownFileType = sourcecode.c.h; name = ComAlfrescoAppceleratorSdkTagProxy.h; path = Classes/ComAlfrescoAppceleratorSdkTagProxy.h; sourceTree = "<group>"; };
		05C3041C17EAE3C0004C78C0 /* ComAlfrescoAppceleratorSdkTagProxy.m */ = {isa = PBXFileReference; fileEncoding = 4; lastKnownFileType = sourcecode.c.objc; name = ComAlfrescoAppceleratorSdkTagProxy.m; path = Classes/ComAlfrescoAppceleratorSdkTagProxy.m; sourceTree = "<group>"; };
		05C304DD17F57BCC004C78C0 /* ComAlfrescoAppceleratorSdkVersionServiceProxy.h */ = {isa = PBXFileReference; fileEncoding = 4; lastKnownFileType = sourcecode.c.h; name = ComAlfrescoAppceleratorSdkVersionServiceProxy.h; path = Classes/ComAlfrescoAppceleratorSdkVersionServiceProxy.h; sourceTree = "<group>"; };
		05C304DE17F57BCC004C78C0 /* ComAlfrescoAppceleratorSdkVersionServiceProxy.m */ = {isa = PBXFileReference; fileEncoding = 4; lastKnownFileType = sourcecode.c.objc; name = ComAlfrescoAppceleratorSdkVersionServiceProxy.m; path = Classes/ComAlfrescoAppceleratorSdkVersionServiceProxy.m; sourceTree = "<group>"; };
		05D3D38F189FC19D008B2401 /* ComAlfrescoAppceleratorSdkCloudSessionProxy.h */ = {isa = PBXFileReference; fileEncoding = 4; lastKnownFileType = sourcecode.c.h; name = ComAlfrescoAppceleratorSdkCloudSessionProxy.h; path = Classes/ComAlfrescoAppceleratorSdkCloudSessionProxy.h; sourceTree = "<group>"; };
		05D3D391189FC1EF008B2401 /* ComAlfrescoAppceleratorSdkCloudSessionProxy.m */ = {isa = PBXFileReference; fileEncoding = 4; lastKnownFileType = sourcecode.c.objc; name = ComAlfrescoAppceleratorSdkCloudSessionProxy.m; path = Classes/ComAlfrescoAppceleratorSdkCloudSessionProxy.m; sourceTree = "<group>"; };
		05D3D39318A0ED4B008B2401 /* ComAlfrescoAppceleratorSdkOAuthDataProxy.h */ = {isa = PBXFileReference; fileEncoding = 4; lastKnownFileType = sourcecode.c.h; name = ComAlfrescoAppceleratorSdkOAuthDataProxy.h; path = Classes/ComAlfrescoAppceleratorSdkOAuthDataProxy.h; sourceTree = "<group>"; };
		05D3D39518A0ED5F008B2401 /* ComAlfrescoAppceleratorSdkOAuthDataProxy.m */ = {isa = PBXFileReference; fileEncoding = 4; lastKnownFileType = sourcecode.c.objc; name = ComAlfrescoAppceleratorSdkOAuthDataProxy.m; path = Classes/ComAlfrescoAppceleratorSdkOAuthDataProxy.m; sourceTree = "<group>"; };
		05EAFE6E177C383D006E0D6F /* ComAlfrescoAppceleratorSdkDocumentProxy.h */ = {isa = PBXFileReference; fileEncoding = 4; lastKnownFileType = sourcecode.c.h; name = ComAlfrescoAppceleratorSdkDocumentProxy.h; path = Classes/ComAlfrescoAppceleratorSdkDocumentProxy.h; sourceTree = "<group>"; };
		05EAFE6F177C383D006E0D6F /* ComAlfrescoAppceleratorSdkDocumentProxy.m */ = {isa = PBXFileReference; fileEncoding = 4; lastKnownFileType = sourcecode.c.objc; name = ComAlfrescoAppceleratorSdkDocumentProxy.m; path = Classes/ComAlfrescoAppceleratorSdkDocumentProxy.m; sourceTree = "<group>"; };
		05EAFE70177C383D006E0D6F /* ComAlfrescoAppceleratorSdkFolderProxy.h */ = {isa = PBXFileReference; fileEncoding = 4; lastKnownFileType = sourcecode.c.h; name = ComAlfrescoAppceleratorSdkFolderProxy.h; path = Classes/ComAlfrescoAppceleratorSdkFolderProxy.h; sourceTree = "<group>"; };
		05EAFE71177C383D006E0D6F /* ComAlfrescoAppceleratorSdkFolderProxy.m */ = {isa = PBXFileReference; fileEncoding = 4; lastKnownFileType = sourcecode.c.objc; name = ComAlfrescoAppceleratorSdkFolderProxy.m; path = Classes/ComAlfrescoAppceleratorSdkFolderProxy.m; sourceTree = "<group>"; };
		05FF39161806DF2500900AE4 /* ComAlfrescoAppceleratorModuleSdkModule.h */ = {isa = PBXFileReference; fileEncoding = 4; lastKnownFileType = sourcecode.c.h; path = ComAlfrescoAppceleratorModuleSdkModule.h; sourceTree = "<group>"; };
		05FF39171806DF2500900AE4 /* ComAlfrescoAppceleratorModuleSdkModule.m */ = {isa = PBXFileReference; fileEncoding = 4; lastKnownFileType = sourcecode.c.objc; path = ComAlfrescoAppceleratorModuleSdkModule.m; sourceTree = "<group>"; };
		05FF39181806DF2500900AE4 /* ComAlfrescoAppceleratorModuleSdkModuleAssets.m */ = {isa = PBXFileReference; fileEncoding = 4; lastKnownFileType = sourcecode.c.objc; path = ComAlfrescoAppceleratorModuleSdkModuleAssets.m; sourceTree = "<group>"; };
		05FF39191806DF2500900AE4 /* ComAlfrescoAppceleratorModuleSdkModuleAssets.h */ = {isa = PBXFileReference; fileEncoding = 4; lastKnownFileType = sourcecode.c.h; path = ComAlfrescoAppceleratorModuleSdkModuleAssets.h; sourceTree = "<group>"; };
		24DD6D1B1134B66800162E58 /* titanium.xcconfig */ = {isa = PBXFileReference; fileEncoding = 4; lastKnownFileType = text.xcconfig; path = titanium.xcconfig; sourceTree = "<group>"; };
		AA747D9E0F9514B9006C5449 /* ComAlfrescoAppceleratorModuleiOSSdk_Prefix.pch */ = {isa = PBXFileReference; fileEncoding = 4; lastKnownFileType = sourcecode.c.h; path = ComAlfrescoAppceleratorModuleiOSSdk_Prefix.pch; sourceTree = SOURCE_ROOT; };
		AACBBE490F95108600F1A2B1 /* Foundation.framework */ = {isa = PBXFileReference; lastKnownFileType = wrapper.framework; name = Foundation.framework; path = System/Library/Frameworks/Foundation.framework; sourceTree = SDKROOT; };
		D2AAC07E0554694100DB518D /* libComAlfrescoAppceleratorModuleIosSdk.a */ = {isa = PBXFileReference; explicitFileType = archive.ar; includeInIndex = 0; path = libComAlfrescoAppceleratorModuleIosSdk.a; sourceTree = BUILT_PRODUCTS_DIR; };
/* End PBXFileReference section */

/* Begin PBXFrameworksBuildPhase section */
		D2AAC07C0554694100DB518D /* Frameworks */ = {
			isa = PBXFrameworksBuildPhase;
			buildActionMask = 2147483647;
			files = (
				AACBBE4A0F95108600F1A2B1 /* Foundation.framework in Frameworks */,
			);
			runOnlyForDeploymentPostprocessing = 0;
		};
/* End PBXFrameworksBuildPhase section */

/* Begin PBXGroup section */
		034768DFFF38A50411DB9C8B /* Products */ = {
			isa = PBXGroup;
			children = (
				D2AAC07E0554694100DB518D /* libComAlfrescoAppceleratorModuleIosSdk.a */,
			);
			name = Products;
			sourceTree = "<group>";
		};
		0867D691FE84028FC02AAC07 /* iOSSDKModule */ = {
			isa = PBXGroup;
			children = (
				058F6D1B180802EE002E6B83 /* DocumentationIndex.markdown */,
				05FF39161806DF2500900AE4 /* ComAlfrescoAppceleratorModuleSdkModule.h */,
				05FF39171806DF2500900AE4 /* ComAlfrescoAppceleratorModuleSdkModule.m */,
				05FF39181806DF2500900AE4 /* ComAlfrescoAppceleratorModuleSdkModuleAssets.m */,
				05FF39191806DF2500900AE4 /* ComAlfrescoAppceleratorModuleSdkModuleAssets.h */,
				08FB77AEFE84172EC02AAC07 /* Classes */,
				32C88DFF0371C24200C91783 /* Other Sources */,
				0867D69AFE84028FC02AAC07 /* Frameworks */,
				034768DFFF38A50411DB9C8B /* Products */,
				059ED42218D4802500F750EB /* AlfrescoSDK */,
			);
			name = iOSSDKModule;
			sourceTree = "<group>";
		};
		0867D69AFE84028FC02AAC07 /* Frameworks */ = {
			isa = PBXGroup;
			children = (
				AACBBE490F95108600F1A2B1 /* Foundation.framework */,
			);
			name = Frameworks;
			sourceTree = "<group>";
		};
		08FB77AEFE84172EC02AAC07 /* Classes */ = {
			isa = PBXGroup;
			children = (
				05AFDCBC175DEB3600E9ABED /* ComAlfrescoAppceleratorSdkSessionProxy.h */,
				05AFDCBD175DEB3600E9ABED /* ComAlfrescoAppceleratorSdkSessionProxy.m */,
				05AFDCB4175DEB3600E9ABED /* ComAlfrescoAppceleratorSdkRepositorySessionProxy.h */,
				05AFDCB5175DEB3600E9ABED /* ComAlfrescoAppceleratorSdkRepositorySessionProxy.m */,
				05D3D38F189FC19D008B2401 /* ComAlfrescoAppceleratorSdkCloudSessionProxy.h */,
				05D3D391189FC1EF008B2401 /* ComAlfrescoAppceleratorSdkCloudSessionProxy.m */,
				05D3D39518A0ED5F008B2401 /* ComAlfrescoAppceleratorSdkOAuthDataProxy.m */,
				05D3D39318A0ED4B008B2401 /* ComAlfrescoAppceleratorSdkOAuthDataProxy.h */,
				05AFDCB2175DEB3600E9ABED /* ComAlfrescoAppceleratorSdkDocumentFolderServiceProxy.h */,
				05AFDCB3175DEB3600E9ABED /* ComAlfrescoAppceleratorSdkDocumentFolderServiceProxy.m */,
				05C303FA17D752CE004C78C0 /* ComAlfrescoAppceleratorSdkNodeProxy.m */,
				05C303FB17D752CE004C78C0 /* ComAlfrescoAppceleratorSdkNodeProxy.h */,
				05EAFE6E177C383D006E0D6F /* ComAlfrescoAppceleratorSdkDocumentProxy.h */,
				05EAFE6F177C383D006E0D6F /* ComAlfrescoAppceleratorSdkDocumentProxy.m */,
				05EAFE70177C383D006E0D6F /* ComAlfrescoAppceleratorSdkFolderProxy.h */,
				05EAFE71177C383D006E0D6F /* ComAlfrescoAppceleratorSdkFolderProxy.m */,
				059ED43318DAF60D00F750EB /* ComAlfrescoAppceleratorSdkWorkflowServiceProxy.h */,
				059ED43518DAF61C00F750EB /* ComAlfrescoAppceleratorSdkWorkflowServiceProxy.m */,
				059ED42918DAEFA100F750EB /* ComAlfrescoAppceleratorSdkProcessProxy.h */,
				059ED42718DAEF7800F750EB /* ComAlfrescoAppceleratorSdkProcessProxy.m */,
				059ED42B18DAF18800F750EB /* ComAlfrescoAppceleratorSdkProcessDefinitionProxy.h */,
				059ED42D18DAF19300F750EB /* ComAlfrescoAppceleratorSdkProcessDefinitionProxy.m */,
				059ED42518DAE7B300F750EB /* ComAlfrescoAppceleratorSdkTaskProxy.m */,
				059ED42318DAE7A800F750EB /* ComAlfrescoAppceleratorSdkTaskProxy.h */,
				0505DF1C17BB7AE9001F9349 /* ComAlfrescoAppceleratorSdkSiteServiceProxy.h */,
				0505DF1B17BB7AE9001F9349 /* ComAlfrescoAppceleratorSdkSiteServiceProxy.m */,
				05C303EA17CCD01A004C78C0 /* ComAlfrescoAppceleratorSdkSiteProxy.h */,
				05C303EB17CCD01A004C78C0 /* ComAlfrescoAppceleratorSdkSiteProxy.m */,
				05C303E317CCA5D4004C78C0 /* ComAlfrescoAppceleratorSdkSearchServiceProxy.h */,
				05C303E417CCA5D4004C78C0 /* ComAlfrescoAppceleratorSdkSearchServiceProxy.m */,
				05C303F117CF4FB5004C78C0 /* ComAlfrescoAppceleratorSdkKeywordSearchOptionsProxy.h */,
				05C303F217CF4FB6004C78C0 /* ComAlfrescoAppceleratorSdkKeywordSearchOptionsProxy.m */,
				05C303D617C21405004C78C0 /* ComAlfrescoAppceleratorSdkActivityServiceProxy.h */,
				05C303D717C21405004C78C0 /* ComAlfrescoAppceleratorSdkActivityServiceProxy.m */,
				05C3040217DF6C0F004C78C0 /* ComAlfrescoAppceleratorSdkActivityProxy.h */,
				05C3040317DF6C0F004C78C0 /* ComAlfrescoAppceleratorSdkActivityProxy.m */,
				05C3040617E1F499004C78C0 /* ComAlfrescoAppceleratorSdkCommentServiceProxy.h */,
				05C3040717E1F49A004C78C0 /* ComAlfrescoAppceleratorSdkCommentServiceProxy.m */,
				05C3040A17E1FCE7004C78C0 /* ComAlfrescoAppceleratorSdkCommentProxy.h */,
				05C3040B17E1FCE8004C78C0 /* ComAlfrescoAppceleratorSdkCommentProxy.m */,
				0579F3921889496600028E8D /* ComAlfrescoAppceleratorSdkRatingServiceProxy.h */,
				0579F3931889496600028E8D /* ComAlfrescoAppceleratorSdkRatingServiceProxy.m */,
				05C3040F17E6F472004C78C0 /* ComAlfrescoAppceleratorSdkPersonServiceProxy.h */,
				05C3041017E6F472004C78C0 /* ComAlfrescoAppceleratorSdkPersonServiceProxy.m */,
				05C3041317E6F4B5004C78C0 /* ComAlfrescoAppceleratorSdkPersonProxy.h */,
				05C3041417E6F4B5004C78C0 /* ComAlfrescoAppceleratorSdkPersonProxy.m */,
				05C3041717EAE12F004C78C0 /* ComAlfrescoAppceleratorSdkTaggingServiceProxy.h */,
				05C3041817EAE130004C78C0 /* ComAlfrescoAppceleratorSdkTaggingServiceProxy.m */,
				05C3041B17EAE3BF004C78C0 /* ComAlfrescoAppceleratorSdkTagProxy.h */,
				05C3041C17EAE3C0004C78C0 /* ComAlfrescoAppceleratorSdkTagProxy.m */,
				05C304DD17F57BCC004C78C0 /* ComAlfrescoAppceleratorSdkVersionServiceProxy.h */,
				05C304DE17F57BCC004C78C0 /* ComAlfrescoAppceleratorSdkVersionServiceProxy.m */,
				054AA1BC17A130EE000D7083 /* ComAlfrescoAppceleratorSdkContentFileProxy.h */,
				054AA1BD17A13164000D7083 /* ComAlfrescoAppceleratorSdkContentFileProxy.m */,
				05C303E817CCD01A004C78C0 /* ComAlfrescoAppceleratorSdkListingContextProxy.h */,
				05C303E917CCD01A004C78C0 /* ComAlfrescoAppceleratorSdkListingContextProxy.m */,
				059ED43118DAF34A00F750EB /* ComAlfrescoAppceleratorSdkListingFilterProxy.m */,
				059ED42F18DAF33900F750EB /* ComAlfrescoAppceleratorSdkListingFilterProxy.h */,
				05AFDCB6175DEB3600E9ABED /* ComAlfrescoAppceleratorSdkRequestProxy.h */,
				05AFDCB7175DEB3600E9ABED /* ComAlfrescoAppceleratorSdkRequestProxy.m */,
				05C303FE17DF0696004C78C0 /* ComAlfrescoAppceleratorSdkPermissionsProxy.h */,
				05C303FF17DF0696004C78C0 /* ComAlfrescoAppceleratorSdkPermissionsProxy.m */,
				0505DF1F17BB8B43001F9349 /* SDKUtil.h */,
				0505DF2017BB8B43001F9349 /* SDKUtil.m */,
			);
			name = Classes;
			sourceTree = "<group>";
		};
		32C88DFF0371C24200C91783 /* Other Sources */ = {
			isa = PBXGroup;
			children = (
				AA747D9E0F9514B9006C5449 /* ComAlfrescoAppceleratorModuleiOSSdk_Prefix.pch */,
				24DD6D1B1134B66800162E58 /* titanium.xcconfig */,
			);
			name = "Other Sources";
			sourceTree = "<group>";
		};
/* End PBXGroup section */

/* Begin PBXHeadersBuildPhase section */
		D2AAC07A0554694100DB518D /* Headers */ = {
			isa = PBXHeadersBuildPhase;
			buildActionMask = 2147483647;
			files = (
				AA747D9F0F9514B9006C5449 /* ComAlfrescoAppceleratorModuleiOSSdk_Prefix.pch in Headers */,
				05AFDCBE175DEB3600E9ABED /* ComAlfrescoAppceleratorSdkDocumentFolderServiceProxy.h in Headers */,
				05AFDCC0175DEB3600E9ABED /* ComAlfrescoAppceleratorSdkRepositorySessionProxy.h in Headers */,
				05AFDCC2175DEB3600E9ABED /* ComAlfrescoAppceleratorSdkRequestProxy.h in Headers */,
				05FF391A1806DF2500900AE4 /* ComAlfrescoAppceleratorModuleSdkModule.h in Headers */,
				05AFDCC8175DEB3600E9ABED /* ComAlfrescoAppceleratorSdkSessionProxy.h in Headers */,
				05EAFE72177C383D006E0D6F /* ComAlfrescoAppceleratorSdkDocumentProxy.h in Headers */,
				05D3D39418A0ED4B008B2401 /* ComAlfrescoAppceleratorSdkOAuthDataProxy.h in Headers */,
				05EAFE74177C383D006E0D6F /* ComAlfrescoAppceleratorSdkFolderProxy.h in Headers */,
				054AA1BE17A13628000D7083 /* ComAlfrescoAppceleratorSdkContentFileProxy.h in Headers */,
				0505DF1E17BB7AE9001F9349 /* ComAlfrescoAppceleratorSdkSiteServiceProxy.h in Headers */,
				0505DF2117BB8B43001F9349 /* SDKUtil.h in Headers */,
				05C303D817C21405004C78C0 /* ComAlfrescoAppceleratorSdkActivityServiceProxy.h in Headers */,
				05C303E517CCA5D4004C78C0 /* ComAlfrescoAppceleratorSdkSearchServiceProxy.h in Headers */,
				059ED42418DAE7A800F750EB /* ComAlfrescoAppceleratorSdkTaskProxy.h in Headers */,
				05C303EC17CCD01A004C78C0 /* ComAlfrescoAppceleratorSdkListingContextProxy.h in Headers */,
				05C303EE17CCD01A004C78C0 /* ComAlfrescoAppceleratorSdkSiteProxy.h in Headers */,
				059ED42A18DAEFA100F750EB /* ComAlfrescoAppceleratorSdkProcessProxy.h in Headers */,
				05C303F317CF4FB6004C78C0 /* ComAlfrescoAppceleratorSdkKeywordSearchOptionsProxy.h in Headers */,
				05C303FD17D752CE004C78C0 /* ComAlfrescoAppceleratorSdkNodeProxy.h in Headers */,
				059ED43418DAF60D00F750EB /* ComAlfrescoAppceleratorSdkWorkflowServiceProxy.h in Headers */,
				059ED43018DAF33900F750EB /* ComAlfrescoAppceleratorSdkListingFilterProxy.h in Headers */,
				05C3040017DF0696004C78C0 /* ComAlfrescoAppceleratorSdkPermissionsProxy.h in Headers */,
				05C3040417DF6C10004C78C0 /* ComAlfrescoAppceleratorSdkActivityProxy.h in Headers */,
				05C3040817E1F49A004C78C0 /* ComAlfrescoAppceleratorSdkCommentServiceProxy.h in Headers */,
				05C3040C17E1FCE8004C78C0 /* ComAlfrescoAppceleratorSdkCommentProxy.h in Headers */,
				05C3041117E6F473004C78C0 /* ComAlfrescoAppceleratorSdkPersonServiceProxy.h in Headers */,
				05C3041517E6F4B6004C78C0 /* ComAlfrescoAppceleratorSdkPersonProxy.h in Headers */,
				05C3041917EAE131004C78C0 /* ComAlfrescoAppceleratorSdkTaggingServiceProxy.h in Headers */,
				059ED42C18DAF18800F750EB /* ComAlfrescoAppceleratorSdkProcessDefinitionProxy.h in Headers */,
				05C3041D17EAE3C1004C78C0 /* ComAlfrescoAppceleratorSdkTagProxy.h in Headers */,
				05FF391D1806DF2500900AE4 /* ComAlfrescoAppceleratorModuleSdkModuleAssets.h in Headers */,
				0579F3941889496600028E8D /* ComAlfrescoAppceleratorSdkRatingServiceProxy.h in Headers */,
				05D3D390189FC19D008B2401 /* ComAlfrescoAppceleratorSdkCloudSessionProxy.h in Headers */,
				05C304DF17F57BCD004C78C0 /* ComAlfrescoAppceleratorSdkVersionServiceProxy.h in Headers */,
			);
			runOnlyForDeploymentPostprocessing = 0;
		};
/* End PBXHeadersBuildPhase section */

/* Begin PBXNativeTarget section */
		D2AAC07D0554694100DB518D /* iOSSDKModule */ = {
			isa = PBXNativeTarget;
			buildConfigurationList = 1DEB921E08733DC00010E9CD /* Build configuration list for PBXNativeTarget "iOSSDKModule" */;
			buildPhases = (
				D2AAC07A0554694100DB518D /* Headers */,
				D2AAC07B0554694100DB518D /* Sources */,
				D2AAC07C0554694100DB518D /* Frameworks */,
			);
			buildRules = (
			);
			dependencies = (
			);
			name = iOSSDKModule;
			productName = iOSSDKModule;
			productReference = D2AAC07E0554694100DB518D /* libComAlfrescoAppceleratorModuleIosSdk.a */;
			productType = "com.apple.product-type.library.static";
		};
/* End PBXNativeTarget section */

/* Begin PBXProject section */
		0867D690FE84028FC02AAC07 /* Project object */ = {
			isa = PBXProject;
			attributes = {
				LastUpgradeCheck = 0500;
			};
			buildConfigurationList = 1DEB922208733DC00010E9CD /* Build configuration list for PBXProject "iOSSDKModule" */;
			compatibilityVersion = "Xcode 3.2";
			developmentRegion = English;
			hasScannedForEncodings = 1;
			knownRegions = (
				English,
				Japanese,
				French,
				German,
			);
			mainGroup = 0867D691FE84028FC02AAC07 /* iOSSDKModule */;
			productRefGroup = 034768DFFF38A50411DB9C8B /* Products */;
			projectDirPath = "";
			projectRoot = "";
			targets = (
				D2AAC07D0554694100DB518D /* iOSSDKModule */,
				24416B8111C4CA220047AFDD /* Build & Test */,
			);
		};
/* End PBXProject section */

/* Begin PBXShellScriptBuildPhase section */
		24416B8011C4CA220047AFDD /* ShellScript */ = {
			isa = PBXShellScriptBuildPhase;
			buildActionMask = 2147483647;
			files = (
			);
			inputPaths = (
			);
			outputPaths = (
			);
			runOnlyForDeploymentPostprocessing = 0;
			shellPath = /bin/sh;
			shellScript = "# shell script goes here\n\npython \"${TITANIUM_SDK}/titanium.py\" run --dir=\"${PROJECT_DIR}\"\nexit $?\n";
		};
/* End PBXShellScriptBuildPhase section */

/* Begin PBXSourcesBuildPhase section */
		D2AAC07B0554694100DB518D /* Sources */ = {
			isa = PBXSourcesBuildPhase;
			buildActionMask = 2147483647;
			files = (
				05AFDCBF175DEB3600E9ABED /* ComAlfrescoAppceleratorSdkDocumentFolderServiceProxy.m in Sources */,
				05AFDCC1175DEB3600E9ABED /* ComAlfrescoAppceleratorSdkRepositorySessionProxy.m in Sources */,
				05D3D39618A0ED5F008B2401 /* ComAlfrescoAppceleratorSdkOAuthDataProxy.m in Sources */,
				05AFDCC3175DEB3600E9ABED /* ComAlfrescoAppceleratorSdkRequestProxy.m in Sources */,
				05AFDCC9175DEB3600E9ABED /* ComAlfrescoAppceleratorSdkSessionProxy.m in Sources */,
				05EAFE73177C383D006E0D6F /* ComAlfrescoAppceleratorSdkDocumentProxy.m in Sources */,
				05EAFE75177C383D006E0D6F /* ComAlfrescoAppceleratorSdkFolderProxy.m in Sources */,
				054AA1BF17A13628000D7083 /* ComAlfrescoAppceleratorSdkContentFileProxy.m in Sources */,
				0505DF1D17BB7AE9001F9349 /* ComAlfrescoAppceleratorSdkSiteServiceProxy.m in Sources */,
				059ED42E18DAF19300F750EB /* ComAlfrescoAppceleratorSdkProcessDefinitionProxy.m in Sources */,
				059ED42818DAEF7800F750EB /* ComAlfrescoAppceleratorSdkProcessProxy.m in Sources */,
				0505DF2217BB8B43001F9349 /* SDKUtil.m in Sources */,
				05C303D917C21405004C78C0 /* ComAlfrescoAppceleratorSdkActivityServiceProxy.m in Sources */,
				05C303E617CCA5D4004C78C0 /* ComAlfrescoAppceleratorSdkSearchServiceProxy.m in Sources */,
				059ED43218DAF34A00F750EB /* ComAlfrescoAppceleratorSdkListingFilterProxy.m in Sources */,
				05C303ED17CCD01A004C78C0 /* ComAlfrescoAppceleratorSdkListingContextProxy.m in Sources */,
				05C303EF17CCD01A004C78C0 /* ComAlfrescoAppceleratorSdkSiteProxy.m in Sources */,
				05FF391B1806DF2500900AE4 /* ComAlfrescoAppceleratorModuleSdkModule.m in Sources */,
				0579F3951889496600028E8D /* ComAlfrescoAppceleratorSdkRatingServiceProxy.m in Sources */,
				05C303F417CF4FB6004C78C0 /* ComAlfrescoAppceleratorSdkKeywordSearchOptionsProxy.m in Sources */,
				059ED42618DAE7B300F750EB /* ComAlfrescoAppceleratorSdkTaskProxy.m in Sources */,
				05C303FC17D752CE004C78C0 /* ComAlfrescoAppceleratorSdkNodeProxy.m in Sources */,
				05C3040117DF0696004C78C0 /* ComAlfrescoAppceleratorSdkPermissionsProxy.m in Sources */,
				05C3040517DF6C10004C78C0 /* ComAlfrescoAppceleratorSdkActivityProxy.m in Sources */,
				05C3040917E1F49A004C78C0 /* ComAlfrescoAppceleratorSdkCommentServiceProxy.m in Sources */,
				05C3040D17E1FCE8004C78C0 /* ComAlfrescoAppceleratorSdkCommentProxy.m in Sources */,
				05C3041217E6F473004C78C0 /* ComAlfrescoAppceleratorSdkPersonServiceProxy.m in Sources */,
				05C3041617E6F4B6004C78C0 /* ComAlfrescoAppceleratorSdkPersonProxy.m in Sources */,
				05D3D392189FC1EF008B2401 /* ComAlfrescoAppceleratorSdkCloudSessionProxy.m in Sources */,
				05C3041A17EAE131004C78C0 /* ComAlfrescoAppceleratorSdkTaggingServiceProxy.m in Sources */,
				05C3041E17EAE3C1004C78C0 /* ComAlfrescoAppceleratorSdkTagProxy.m in Sources */,
				059ED43618DAF61C00F750EB /* ComAlfrescoAppceleratorSdkWorkflowServiceProxy.m in Sources */,
				05FF391C1806DF2500900AE4 /* ComAlfrescoAppceleratorModuleSdkModuleAssets.m in Sources */,
				05C304E017F57BCD004C78C0 /* ComAlfrescoAppceleratorSdkVersionServiceProxy.m in Sources */,
			);
			runOnlyForDeploymentPostprocessing = 0;
		};
/* End PBXSourcesBuildPhase section */

/* Begin PBXTargetDependency section */
		24416B8511C4CA280047AFDD /* PBXTargetDependency */ = {
			isa = PBXTargetDependency;
			target = D2AAC07D0554694100DB518D /* iOSSDKModule */;
			targetProxy = 24416B8411C4CA280047AFDD /* PBXContainerItemProxy */;
		};
/* End PBXTargetDependency section */

/* Begin XCBuildConfiguration section */
		1DEB921F08733DC00010E9CD /* Debug */ = {
			isa = XCBuildConfiguration;
			baseConfigurationReference = 24DD6D1B1134B66800162E58 /* titanium.xcconfig */;
			buildSettings = {
				CODE_SIGN_IDENTITY = "iPhone Developer";
				"CODE_SIGN_IDENTITY[sdk=iphoneos*]" = "iPhone Developer";
				DSTROOT = /tmp/ComAlfrescoAppceleratorModuleIosSdk.dst;
				FRAMEWORK_SEARCH_PATHS = (
					"$(inherited)",
					"/Users/ljagger/Documents/Titanium_Studio_Workspace/fork/alfresco-appcelerator-sdk/iOSSDKModule",
					"$(PROJECT_DIR)",
				);
				GCC_C_LANGUAGE_STANDARD = c99;
				GCC_OPTIMIZATION_LEVEL = 0;
				GCC_PRECOMPILE_PREFIX_HEADER = YES;
				GCC_PREFIX_HEADER = ComAlfrescoAppceleratorModuleIosSdk_Prefix.pch;
				GCC_PREPROCESSOR_DEFINITIONS = "TI_VERSION=$(TI_VERSION)";
				GCC_TREAT_WARNINGS_AS_ERRORS = NO;
				GCC_VERSION = "";
				GCC_WARN_ABOUT_RETURN_TYPE = NO;
				GCC_WARN_MISSING_PARENTHESES = NO;
				GCC_WARN_SHADOW = NO;
				GCC_WARN_STRICT_SELECTOR_MATCH = NO;
				GCC_WARN_UNUSED_FUNCTION = YES;
				GCC_WARN_UNUSED_PARAMETER = NO;
				GCC_WARN_UNUSED_VALUE = NO;
				GCC_WARN_UNUSED_VARIABLE = NO;
				HEADER_SEARCH_PATHS = (
					"$(TITANIUM_BASE_SDK)",
					"$(TITANIUM_BASE_SDK2)",
					"\"AlfrescoSDK\"",
				);
				INSTALL_PATH = /usr/local/lib;
				LIBRARY_SEARCH_PATHS = (
					"$(inherited)",
					"\"$(SRCROOT)\"",
				);
				OTHER_CFLAGS = (
					"-DDEBUG",
					"-DTI_POST_1_2",
				);
				OTHER_LDFLAGS = (
					"-ObjC",
					"\"$(SRCROOT)/libAlfrescoSDK.a\"",
				);
				PRODUCT_NAME = ComAlfrescoAppceleratorModuleIosSdk;
				PROVISIONING_PROFILE = "";
				"PROVISIONING_PROFILE[sdk=iphoneos*]" = "";
				RUN_CLANG_STATIC_ANALYZER = NO;
				SDKROOT = iphoneos;
				USER_HEADER_SEARCH_PATHS = "";
				"WARNING_CFLAGS[arch=*]" = "-Wno-arc-performSelector-leaks";
			};
			name = Debug;
		};
		1DEB922008733DC00010E9CD /* Release */ = {
			isa = XCBuildConfiguration;
			baseConfigurationReference = 24DD6D1B1134B66800162E58 /* titanium.xcconfig */;
			buildSettings = {
				ALWAYS_SEARCH_USER_PATHS = NO;
				DSTROOT = /tmp/ComAlfrescoAppceleratorModuleIosSdk.dst;
				FRAMEWORK_SEARCH_PATHS = (
					"$(inherited)",
					"/Users/ljagger/Documents/Titanium_Studio_Workspace/fork/alfresco-appcelerator-sdk/iOSSDKModule",
					"$(PROJECT_DIR)",
				);
				GCC_C_LANGUAGE_STANDARD = c99;
				GCC_MODEL_TUNING = G5;
				GCC_PRECOMPILE_PREFIX_HEADER = YES;
				GCC_PREFIX_HEADER = ComAlfrescoAppceleratorModuleIosSdk_Prefix.pch;
				GCC_PREPROCESSOR_DEFINITIONS = "TI_VERSION=$(TI_VERSION)";
				GCC_TREAT_WARNINGS_AS_ERRORS = NO;
				GCC_VERSION = "";
				GCC_WARN_ABOUT_RETURN_TYPE = NO;
				GCC_WARN_MISSING_PARENTHESES = NO;
				GCC_WARN_SHADOW = NO;
				GCC_WARN_STRICT_SELECTOR_MATCH = NO;
				GCC_WARN_UNUSED_FUNCTION = YES;
				GCC_WARN_UNUSED_PARAMETER = NO;
				GCC_WARN_UNUSED_VALUE = NO;
				GCC_WARN_UNUSED_VARIABLE = NO;
				HEADER_SEARCH_PATHS = (
					"$(TITANIUM_BASE_SDK)",
					"$(TITANIUM_BASE_SDK2)",
					"\"AlfrescoSDK\"",
				);
				INSTALL_PATH = /usr/local/lib;
				IPHONEOS_DEPLOYMENT_TARGET = 6.1;
				LIBRARY_SEARCH_PATHS = (
					"$(inherited)",
					"\"$(SRCROOT)\"",
				);
				OTHER_CFLAGS = "-DTI_POST_1_2";
				OTHER_LDFLAGS = (
					"-ObjC",
					"\"$(SRCROOT)/libAlfrescoSDK.a\"",
				);
				PRODUCT_NAME = ComAlfrescoAppceleratorModuleIosSdk;
				RUN_CLANG_STATIC_ANALYZER = NO;
				SDKROOT = iphoneos;
				USER_HEADER_SEARCH_PATHS = "";
				"WARNING_CFLAGS[arch=*]" = "-Wno-arc-performSelector-leaks";
			};
			name = Release;
		};
		1DEB922308733DC00010E9CD /* Debug */ = {
			isa = XCBuildConfiguration;
			baseConfigurationReference = 24DD6D1B1134B66800162E58 /* titanium.xcconfig */;
			buildSettings = {
				CLANG_ENABLE_OBJC_ARC = YES;
				CODE_SIGN_IDENTITY = "iPhone Developer";
				"CODE_SIGN_IDENTITY[sdk=iphoneos*]" = "iPhone Developer";
				DSTROOT = /tmp/ComAlfrescoAppceleratorModuleIosSdk.dst;
				FRAMEWORK_SEARCH_PATHS = (
					"$(inherited)",
					"/Users/ljagger/Documents/Titanium_Studio_Workspace/fork/alfresco-appcelerator-sdk/iOSSDKModule",
					"$(PROJECT_DIR)",
				);
				GCC_C_LANGUAGE_STANDARD = c99;
				GCC_OPTIMIZATION_LEVEL = 0;
				GCC_PRECOMPILE_PREFIX_HEADER = YES;
				GCC_PREFIX_HEADER = ComAlfrescoAppceleratorModuleIosSdk_Prefix.pch;
				GCC_PREPROCESSOR_DEFINITIONS = "TI_VERSION=$(TI_VERSION)";
				GCC_TREAT_WARNINGS_AS_ERRORS = NO;
				GCC_VERSION = "";
				GCC_WARN_ABOUT_RETURN_TYPE = NO;
				GCC_WARN_MISSING_PARENTHESES = NO;
				GCC_WARN_SHADOW = NO;
				GCC_WARN_STRICT_SELECTOR_MATCH = NO;
				GCC_WARN_UNUSED_FUNCTION = YES;
				GCC_WARN_UNUSED_PARAMETER = NO;
				GCC_WARN_UNUSED_VALUE = NO;
				GCC_WARN_UNUSED_VARIABLE = NO;
				HEADER_SEARCH_PATHS = (
					"$(TITANIUM_BASE_SDK)",
					"$(TITANIUM_BASE_SDK2)",
				);
				INSTALL_PATH = /usr/local/lib;
				IPHONEOS_DEPLOYMENT_TARGET = 6.1;
				ONLY_ACTIVE_ARCH = YES;
				OTHER_CFLAGS = (
					"-DDEBUG",
					"-DTI_POST_1_2",
				);
				OTHER_LDFLAGS = (
					"-ObjC",
					"\"$(SRCROOT)/libAlfrescoSDK.a\"",
				);
				PRODUCT_NAME = ComAlfrescoAppceleratorModuleIosSdk;
				PROVISIONING_PROFILE = "";
				"PROVISIONING_PROFILE[sdk=iphoneos*]" = "";
				RUN_CLANG_STATIC_ANALYZER = NO;
				SDKROOT = iphoneos;
				USER_HEADER_SEARCH_PATHS = "";
			};
			name = Debug;
		};
		1DEB922408733DC00010E9CD /* Release */ = {
			isa = XCBuildConfiguration;
			baseConfigurationReference = 24DD6D1B1134B66800162E58 /* titanium.xcconfig */;
			buildSettings = {
				ALWAYS_SEARCH_USER_PATHS = NO;
				CLANG_ENABLE_OBJC_ARC = YES;
				DSTROOT = /tmp/ComAlfrescoAppceleratorModuleIosSdk.dst;
				FRAMEWORK_SEARCH_PATHS = (
					"$(inherited)",
					"/Users/ljagger/Documents/Titanium_Studio_Workspace/fork/alfresco-appcelerator-sdk/iOSSDKModule",
					"$(PROJECT_DIR)",
				);
				GCC_C_LANGUAGE_STANDARD = c99;
				GCC_MODEL_TUNING = G5;
				GCC_PRECOMPILE_PREFIX_HEADER = YES;
				GCC_PREFIX_HEADER = ComAlfrescoAppceleratorModuleIosSdk_Prefix.pch;
				GCC_PREPROCESSOR_DEFINITIONS = "TI_VERSION=$(TI_VERSION)";
				GCC_TREAT_WARNINGS_AS_ERRORS = NO;
				GCC_VERSION = "";
				GCC_WARN_ABOUT_RETURN_TYPE = NO;
				GCC_WARN_MISSING_PARENTHESES = NO;
				GCC_WARN_SHADOW = NO;
				GCC_WARN_STRICT_SELECTOR_MATCH = NO;
				GCC_WARN_UNUSED_FUNCTION = YES;
				GCC_WARN_UNUSED_PARAMETER = NO;
				GCC_WARN_UNUSED_VALUE = NO;
				GCC_WARN_UNUSED_VARIABLE = NO;
				HEADER_SEARCH_PATHS = (
					"$(TITANIUM_BASE_SDK)",
					"$(TITANIUM_BASE_SDK2)",
				);
				INSTALL_PATH = /usr/local/lib;
				IPHONEOS_DEPLOYMENT_TARGET = 6.1;
				OTHER_CFLAGS = "-DTI_POST_1_2";
				OTHER_LDFLAGS = (
					"-ObjC",
					"\"$(SRCROOT)/libAlfrescoSDK.a\"",
				);
				PRODUCT_NAME = ComAlfrescoAppceleratorModuleIosSdk;
				RUN_CLANG_STATIC_ANALYZER = NO;
				SDKROOT = iphoneos;
				USER_HEADER_SEARCH_PATHS = "";
			};
			name = Release;
		};
		24416B8211C4CA220047AFDD /* Debug */ = {
			isa = XCBuildConfiguration;
			baseConfigurationReference = 24DD6D1B1134B66800162E58 /* titanium.xcconfig */;
			buildSettings = {
				COPY_PHASE_STRIP = NO;
				GCC_DYNAMIC_NO_PIC = NO;
				GCC_OPTIMIZATION_LEVEL = 0;
				OTHER_LDFLAGS = (
					"-ObjC",
					"\"$(SRCROOT)/libAlfrescoSDK.a\"",
				);
				PRODUCT_NAME = "Build & test";
			};
			name = Debug;
		};
		24416B8311C4CA220047AFDD /* Release */ = {
			isa = XCBuildConfiguration;
			baseConfigurationReference = 24DD6D1B1134B66800162E58 /* titanium.xcconfig */;
			buildSettings = {
				COPY_PHASE_STRIP = YES;
				DEBUG_INFORMATION_FORMAT = "dwarf-with-dsym";
				GCC_ENABLE_FIX_AND_CONTINUE = NO;
				OTHER_LDFLAGS = (
					"-ObjC",
					"\"$(SRCROOT)/libAlfrescoSDK.a\"",
				);
				PRODUCT_NAME = "Build & test";
				ZERO_LINK = NO;
			};
			name = Release;
		};
/* End XCBuildConfiguration section */

/* Begin XCConfigurationList section */
		1DEB921E08733DC00010E9CD /* Build configuration list for PBXNativeTarget "iOSSDKModule" */ = {
			isa = XCConfigurationList;
			buildConfigurations = (
				1DEB921F08733DC00010E9CD /* Debug */,
				1DEB922008733DC00010E9CD /* Release */,
			);
			defaultConfigurationIsVisible = 0;
			defaultConfigurationName = Release;
		};
		1DEB922208733DC00010E9CD /* Build configuration list for PBXProject "iOSSDKModule" */ = {
			isa = XCConfigurationList;
			buildConfigurations = (
				1DEB922308733DC00010E9CD /* Debug */,
				1DEB922408733DC00010E9CD /* Release */,
			);
			defaultConfigurationIsVisible = 0;
			defaultConfigurationName = Release;
		};
		24416B8A11C4CA520047AFDD /* Build configuration list for PBXAggregateTarget "Build & Test" */ = {
			isa = XCConfigurationList;
			buildConfigurations = (
				24416B8211C4CA220047AFDD /* Debug */,
				24416B8311C4CA220047AFDD /* Release */,
			);
			defaultConfigurationIsVisible = 0;
			defaultConfigurationName = Release;
		};
/* End XCConfigurationList section */
	};
	rootObject = 0867D690FE84028FC02AAC07 /* Project object */;
}
